// !$*UTF8*$!
{
	archiveVersion = 1;
	classes = {
	};
	objectVersion = 46;
	objects = {

/* Begin PBXBuildFile section */
		8B105CFC19A4E12700100FB1 /* back.wav in Resources */ = {isa = PBXBuildFile; fileRef = 8B105CFA19A4E12700100FB1 /* back.wav */; };
		8B105CFD19A4E12700100FB1 /* buttonpress.wav in Resources */ = {isa = PBXBuildFile; fileRef = 8B105CFB19A4E12700100FB1 /* buttonpress.wav */; };
		8B18CF8F19644AD000F3FB0F /* TutorialPhoneR4_4.png in Resources */ = {isa = PBXBuildFile; fileRef = 8B18CF8E19644AD000F3FB0F /* TutorialPhoneR4_4.png */; };
		8B18CF9119644BBB00F3FB0F /* TutorialPhoneR4_5.png in Resources */ = {isa = PBXBuildFile; fileRef = 8B18CF9019644BBB00F3FB0F /* TutorialPhoneR4_5.png */; };
		8B1ED91619799482001FDB2C /* GameKitHelper.m in Sources */ = {isa = PBXBuildFile; fileRef = 8B1ED91519799482001FDB2C /* GameKitHelper.m */; };
		8B2CEBC1199D56DF00353E43 /* MultiplayerAlertView.m in Sources */ = {isa = PBXBuildFile; fileRef = 8B2CEBC0199D56DF00353E43 /* MultiplayerAlertView.m */; };
		8B316B10199151510062FD77 /* MultiplayerWinAlert.m in Sources */ = {isa = PBXBuildFile; fileRef = 8B316B0F199151510062FD77 /* MultiplayerWinAlert.m */; };
		8B316B14199181670062FD77 /* Model.xcdatamodeld in Sources */ = {isa = PBXBuildFile; fileRef = 8B316B12199181670062FD77 /* Model.xcdatamodeld */; };
		8B316B1D1991824B0062FD77 /* Score+AddOns.m in Sources */ = {isa = PBXBuildFile; fileRef = 8B316B1C1991824B0062FD77 /* Score+AddOns.m */; };
		8B5F497B19A4F19900C0C7E2 /* AudioPlayer.m in Sources */ = {isa = PBXBuildFile; fileRef = 8B5F497A19A4F19900C0C7E2 /* AudioPlayer.m */; };
		8B61F8FB195C87CC0036BB90 /* GameWonAlert.m in Sources */ = {isa = PBXBuildFile; fileRef = 8B61F8FA195C87CC0036BB90 /* GameWonAlert.m */; };
		8B6FB8C019507C6B00EB2C4E /* Foundation.framework in Frameworks */ = {isa = PBXBuildFile; fileRef = 8B6FB8BF19507C6B00EB2C4E /* Foundation.framework */; };
		8B6FB8C219507C6B00EB2C4E /* CoreGraphics.framework in Frameworks */ = {isa = PBXBuildFile; fileRef = 8B6FB8C119507C6B00EB2C4E /* CoreGraphics.framework */; };
		8B6FB8C419507C6B00EB2C4E /* UIKit.framework in Frameworks */ = {isa = PBXBuildFile; fileRef = 8B6FB8C319507C6B00EB2C4E /* UIKit.framework */; };
		8B6FB8CA19507C6B00EB2C4E /* InfoPlist.strings in Resources */ = {isa = PBXBuildFile; fileRef = 8B6FB8C819507C6B00EB2C4E /* InfoPlist.strings */; };
		8B6FB8CC19507C6B00EB2C4E /* main.m in Sources */ = {isa = PBXBuildFile; fileRef = 8B6FB8CB19507C6B00EB2C4E /* main.m */; };
		8B6FB8D019507C6B00EB2C4E /* AppDelegate.m in Sources */ = {isa = PBXBuildFile; fileRef = 8B6FB8CF19507C6B00EB2C4E /* AppDelegate.m */; };
		8B6FB8D219507C6B00EB2C4E /* Images.xcassets in Resources */ = {isa = PBXBuildFile; fileRef = 8B6FB8D119507C6B00EB2C4E /* Images.xcassets */; };
		8B6FB8D919507C6B00EB2C4E /* XCTest.framework in Frameworks */ = {isa = PBXBuildFile; fileRef = 8B6FB8D819507C6B00EB2C4E /* XCTest.framework */; };
		8B6FB8DA19507C6B00EB2C4E /* Foundation.framework in Frameworks */ = {isa = PBXBuildFile; fileRef = 8B6FB8BF19507C6B00EB2C4E /* Foundation.framework */; };
		8B6FB8DB19507C6B00EB2C4E /* UIKit.framework in Frameworks */ = {isa = PBXBuildFile; fileRef = 8B6FB8C319507C6B00EB2C4E /* UIKit.framework */; };
		8B6FB8E319507C6B00EB2C4E /* InfoPlist.strings in Resources */ = {isa = PBXBuildFile; fileRef = 8B6FB8E119507C6B00EB2C4E /* InfoPlist.strings */; };
		8B6FB8E519507C6B00EB2C4E /* NumeroLocoTests.m in Sources */ = {isa = PBXBuildFile; fileRef = 8B6FB8E419507C6B00EB2C4E /* NumeroLocoTests.m */; };
		8B6FB8EF19507CC400EB2C4E /* MainStoryboard.storyboard in Resources */ = {isa = PBXBuildFile; fileRef = 8B6FB8EE19507CC400EB2C4E /* MainStoryboard.storyboard */; };
		8B6FB8F419507D7600EB2C4E /* RootViewController.m in Sources */ = {isa = PBXBuildFile; fileRef = 8B6FB8F319507D7600EB2C4E /* RootViewController.m */; };
		8B6FB8F9195084CE00EB2C4E /* ChaptersViewController.m in Sources */ = {isa = PBXBuildFile; fileRef = 8B6FB8F8195084CE00EB2C4E /* ChaptersViewController.m */; };
		8B6FB8FC19508B0800EB2C4E /* ChaptersCell.m in Sources */ = {isa = PBXBuildFile; fileRef = 8B6FB8FB19508B0800EB2C4E /* ChaptersCell.m */; };
		8B6FB8FF19508CA200EB2C4E /* ChapterNames.plist in Resources */ = {isa = PBXBuildFile; fileRef = 8B6FB8FE19508CA200EB2C4E /* ChapterNames.plist */; };
		8B6FB9071950A18600EB2C4E /* GameViewController.m in Sources */ = {isa = PBXBuildFile; fileRef = 8B6FB9061950A18600EB2C4E /* GameViewController.m */; };
		8B90453F196359FC000F2E51 /* TutorialPhoneR4_1.png in Resources */ = {isa = PBXBuildFile; fileRef = 8B90453E196359FC000F2E51 /* TutorialPhoneR4_1.png */; };
		8B90454119635EEF000F2E51 /* TutorialPhoneR4_2.png in Resources */ = {isa = PBXBuildFile; fileRef = 8B90454019635EEF000F2E51 /* TutorialPhoneR4_2.png */; };
		8B90454319636244000F2E51 /* TutorialPhoneR4_3.png in Resources */ = {isa = PBXBuildFile; fileRef = 8B90454219636244000F2E51 /* TutorialPhoneR4_3.png */; };
		8B96EAD919795E1C00E60698 /* WordsGamesDatabase2.plist in Resources */ = {isa = PBXBuildFile; fileRef = 8B96EAD819795E1C00E60698 /* WordsGamesDatabase2.plist */; };
		8B96EADC1979666300E60698 /* WordsChaptersViewController.m in Sources */ = {isa = PBXBuildFile; fileRef = 8B96EADB1979666300E60698 /* WordsChaptersViewController.m */; };
		8B96EADF197969A200E60698 /* WordsGameViewController.m in Sources */ = {isa = PBXBuildFile; fileRef = 8B96EADE197969A200E60698 /* WordsGameViewController.m */; };
		8B9857FC19537C080083FD45 /* AppInfo.m in Sources */ = {isa = PBXBuildFile; fileRef = 8B9857FB19537C080083FD45 /* AppInfo.m */; };
		8BA17EE01987D4AC00DFB839 /* CPIAPHelper.m in Sources */ = {isa = PBXBuildFile; fileRef = 8BA17EDB1987D4AC00DFB839 /* CPIAPHelper.m */; };
		8BA17EE11987D4AC00DFB839 /* IAPHelper.m in Sources */ = {isa = PBXBuildFile; fileRef = 8BA17EDD1987D4AC00DFB839 /* IAPHelper.m */; };
		8BA17EE21987D4AC00DFB839 /* IAPProduct.m in Sources */ = {isa = PBXBuildFile; fileRef = 8BA17EDF1987D4AC00DFB839 /* IAPProduct.m */; };
		8BA17EE61987E4AA00DFB839 /* MBProgressHUD.m in Sources */ = {isa = PBXBuildFile; fileRef = 8BA17EE51987E4AA00DFB839 /* MBProgressHUD.m */; };
		8BA60C37195B33870072A7F4 /* FileSaver.m in Sources */ = {isa = PBXBuildFile; fileRef = 8BA60C36195B33870072A7F4 /* FileSaver.m */; };
		8BA94021195DC10C0032706E /* ColorPatternView.m in Sources */ = {isa = PBXBuildFile; fileRef = 8BA94020195DC10C0032706E /* ColorPatternView.m */; };
		8BAD7B5A19926746005DB0C2 /* Score.m in Sources */ = {isa = PBXBuildFile; fileRef = 8BAD7B5919926746005DB0C2 /* Score.m */; };
		8BAD7B5C1992A00B005DB0C2 /* hand.png in Resources */ = {isa = PBXBuildFile; fileRef = 8BAD7B5B1992A00B005DB0C2 /* hand.png */; };
		8BB45D7519892CDC00C68B5A /* MultiplayerGameViewController.m in Sources */ = {isa = PBXBuildFile; fileRef = 8BB45D7419892CDC00C68B5A /* MultiplayerGameViewController.m */; };
		8BB86293199BA01200718843 /* GamesButton.png in Resources */ = {isa = PBXBuildFile; fileRef = 8BB8628F199BA01200718843 /* GamesButton.png */; };
		8BB86294199BA01200718843 /* GamesButton@2x.png in Resources */ = {isa = PBXBuildFile; fileRef = 8BB86290199BA01200718843 /* GamesButton@2x.png */; };
		8BB86295199BA01200718843 /* OptionsButton.png in Resources */ = {isa = PBXBuildFile; fileRef = 8BB86291199BA01200718843 /* OptionsButton.png */; };
		8BB86296199BA01200718843 /* OptionsButton@2x.png in Resources */ = {isa = PBXBuildFile; fileRef = 8BB86292199BA01200718843 /* OptionsButton@2x.png */; };
		8BB8629B199BA60900718843 /* ColorsButton.png in Resources */ = {isa = PBXBuildFile; fileRef = 8BB86297199BA60900718843 /* ColorsButton.png */; };
		8BB8629C199BA60900718843 /* ColorsButton@2x.png in Resources */ = {isa = PBXBuildFile; fileRef = 8BB86298199BA60900718843 /* ColorsButton@2x.png */; };
		8BB8629D199BA60900718843 /* NumbersButton.png in Resources */ = {isa = PBXBuildFile; fileRef = 8BB86299199BA60900718843 /* NumbersButton.png */; };
		8BB8629E199BA60900718843 /* NumbersButton@2x.png in Resources */ = {isa = PBXBuildFile; fileRef = 8BB8629A199BA60900718843 /* NumbersButton@2x.png */; };
		8BB862A1199BBB2700718843 /* TwoPlayersButton.png in Resources */ = {isa = PBXBuildFile; fileRef = 8BB8629F199BBB2700718843 /* TwoPlayersButton.png */; };
		8BB862A2199BBB2700718843 /* TwoPlayersButton@2x.png in Resources */ = {isa = PBXBuildFile; fileRef = 8BB862A0199BBB2700718843 /* TwoPlayersButton@2x.png */; };
		8BB862A5199BC07500718843 /* Flecha.png in Resources */ = {isa = PBXBuildFile; fileRef = 8BB862A3199BC07500718843 /* Flecha.png */; };
		8BB862A6199BC07500718843 /* Flecha@2x.png in Resources */ = {isa = PBXBuildFile; fileRef = 8BB862A4199BC07500718843 /* Flecha@2x.png */; };
		8BB8A9C019A3BDD10076E4A7 /* crossbg.mp3 in Resources */ = {isa = PBXBuildFile; fileRef = 8BB8A9BD19A3BDD10076E4A7 /* crossbg.mp3 */; };
		8BB8A9C119A3BDD10076E4A7 /* press.m4a in Resources */ = {isa = PBXBuildFile; fileRef = 8BB8A9BE19A3BDD10076E4A7 /* press.m4a */; };
		8BB8A9C219A3BDD10076E4A7 /* win.m4a in Resources */ = {isa = PBXBuildFile; fileRef = 8BB8A9BF19A3BDD10076E4A7 /* win.m4a */; };
		8BB8A9C419A3C2530076E4A7 /* win.wav in Resources */ = {isa = PBXBuildFile; fileRef = 8BB8A9C319A3C2530076E4A7 /* win.wav */; };
		8BB8A9C619A3C6220076E4A7 /* press.wav in Resources */ = {isa = PBXBuildFile; fileRef = 8BB8A9C519A3C6220076E4A7 /* press.wav */; };
		8BB8A9C819A3D99A0076E4A7 /* restart.wav in Resources */ = {isa = PBXBuildFile; fileRef = 8BB8A9C719A3D99A0076E4A7 /* restart.wav */; };
		8BB8A9CC19A3FA8F0076E4A7 /* restartnuevo.wav in Resources */ = {isa = PBXBuildFile; fileRef = 8BB8A9CB19A3FA8F0076E4A7 /* restartnuevo.wav */; };
		8BB9EC9319632542007B8C8E /* TutorialViewController.m in Sources */ = {isa = PBXBuildFile; fileRef = 8BB9EC9219632542007B8C8E /* TutorialViewController.m */; };
		8BB9EC96196345E9007B8C8E /* TutorialCell.m in Sources */ = {isa = PBXBuildFile; fileRef = 8BB9EC95196345E9007B8C8E /* TutorialCell.m */; };
		8BC16FCE19780957003405F1 /* GameKit.framework in Frameworks */ = {isa = PBXBuildFile; fileRef = 8BC16FCD19780957003405F1 /* GameKit.framework */; };
		8BCD5C9B199A50C20018BB65 /* AllGamesFinishedView.m in Sources */ = {isa = PBXBuildFile; fileRef = 8BCD5C9A199A50C20018BB65 /* AllGamesFinishedView.m */; };
		8BD2CED31951E6B4002EF327 /* GamesDatabase2.plist in Resources */ = {isa = PBXBuildFile; fileRef = 8BD2CED21951E6B4002EF327 /* GamesDatabase2.plist */; };
		8BE1D5F5198697A700CAAFCF /* Social.framework in Frameworks */ = {isa = PBXBuildFile; fileRef = 8BE1D5F4198697A700CAAFCF /* Social.framework */; };
		8BE1D5F81986A5A300CAAFCF /* ChallengeFriendsViewController.m in Sources */ = {isa = PBXBuildFile; fileRef = 8BE1D5F71986A5A300CAAFCF /* ChallengeFriendsViewController.m */; };
		8BE1D5FB1986AD4D00CAAFCF /* FriendsCell.m in Sources */ = {isa = PBXBuildFile; fileRef = 8BE1D5FA1986AD4D00CAAFCF /* FriendsCell.m */; };
		8BE1D5FD1986BF4800CAAFCF /* checkmark.png in Resources */ = {isa = PBXBuildFile; fileRef = 8BE1D5FC1986BF4800CAAFCF /* checkmark.png */; };
		8BE1D6011986D2FE00CAAFCF /* ChallengeIcon.png in Resources */ = {isa = PBXBuildFile; fileRef = 8BE1D5FE1986D2FE00CAAFCF /* ChallengeIcon.png */; };
		8BE1D6021986D2FE00CAAFCF /* FacebookLogo.png in Resources */ = {isa = PBXBuildFile; fileRef = 8BE1D5FF1986D2FE00CAAFCF /* FacebookLogo.png */; };
		8BE1D6031986D2FE00CAAFCF /* TwitterLogo.gif in Resources */ = {isa = PBXBuildFile; fileRef = 8BE1D6001986D2FE00CAAFCF /* TwitterLogo.gif */; };
		8BE1D6051986F8D200CAAFCF /* ColorGamesDatabase2.plist in Resources */ = {isa = PBXBuildFile; fileRef = 8BE1D6041986F8D200CAAFCF /* ColorGamesDatabase2.plist */; };
		8BF4A7131978047C00F2B531 /* FacebookSDK.framework in Frameworks */ = {isa = PBXBuildFile; fileRef = 8BF4A7121978047C00F2B531 /* FacebookSDK.framework */; };
		A043669719A6AB8D00D071DC /* Touch2.png in Resources */ = {isa = PBXBuildFile; fileRef = A043669619A6AB8D00D071DC /* Touch2.png */; };
		A043669A19A6ABEF00D071DC /* BuyTouchesView.m in Sources */ = {isa = PBXBuildFile; fileRef = A043669919A6ABEF00D071DC /* BuyTouchesView.m */; };
		A043669D19A6C58F00D071DC /* Close.png in Resources */ = {isa = PBXBuildFile; fileRef = A043669B19A6C58F00D071DC /* Close.png */; };
		A043669E19A6C58F00D071DC /* Close@2x.png in Resources */ = {isa = PBXBuildFile; fileRef = A043669C19A6C58F00D071DC /* Close@2x.png */; };
		A043BD0519A64A9B00E5B047 /* NoTouchesAlertView.m in Sources */ = {isa = PBXBuildFile; fileRef = A043BD0419A64A9B00E5B047 /* NoTouchesAlertView.m */; };
		A06520711959B7D100399778 /* PadStoryboard.storyboard in Resources */ = {isa = PBXBuildFile; fileRef = A06520701959B7D100399778 /* PadStoryboard.storyboard */; };
		A08E2DBA19B11FB6009F8F6F /* TutorialContainerViewController.m in Sources */ = {isa = PBXBuildFile; fileRef = A08E2DB919B11FB6009F8F6F /* TutorialContainerViewController.m */; };
		A08E2DBD19B11FCA009F8F6F /* FirstPageTutViewController.m in Sources */ = {isa = PBXBuildFile; fileRef = A08E2DBC19B11FCA009F8F6F /* FirstPageTutViewController.m */; };
		A08E2DC019B11FD6009F8F6F /* SecondPageTutViewController.m in Sources */ = {isa = PBXBuildFile; fileRef = A08E2DBF19B11FD6009F8F6F /* SecondPageTutViewController.m */; };
		A08E2DC319B11FE3009F8F6F /* ThirdPageTutViewController.m in Sources */ = {isa = PBXBuildFile; fileRef = A08E2DC219B11FE3009F8F6F /* ThirdPageTutViewController.m */; };
		A08E2DC619B13251009F8F6F /* TutorialAlertView.m in Sources */ = {isa = PBXBuildFile; fileRef = A08E2DC519B13251009F8F6F /* TutorialAlertView.m */; };
		A08EAD1C19AB80AC00F36E23 /* FastGameModeViewController.m in Sources */ = {isa = PBXBuildFile; fileRef = A08EAD1B19AB80AB00F36E23 /* FastGameModeViewController.m */; };
		A08EAD1E19AB83F400F36E23 /* FastGamesDatabase.plist in Resources */ = {isa = PBXBuildFile; fileRef = A08EAD1D19AB83F400F36E23 /* FastGamesDatabase.plist */; };
		A08EAD2119AB96CC00F36E23 /* FastGameWinAlert.m in Sources */ = {isa = PBXBuildFile; fileRef = A08EAD2019AB96CC00F36E23 /* FastGameWinAlert.m */; };
		A08EAD2419AD1E0E00F36E23 /* heart.png in Resources */ = {isa = PBXBuildFile; fileRef = A08EAD2219AD1E0E00F36E23 /* heart.png */; };
		A08EAD2519AD1E0E00F36E23 /* heart@2x.png in Resources */ = {isa = PBXBuildFile; fileRef = A08EAD2319AD1E0E00F36E23 /* heart@2x.png */; };
		A08EAD2819AD274C00F36E23 /* BuyLivesView.m in Sources */ = {isa = PBXBuildFile; fileRef = A08EAD2719AD274C00F36E23 /* BuyLivesView.m */; };
		A0A091CC19B66651001A8EDE /* FastGamesView.m in Sources */ = {isa = PBXBuildFile; fileRef = A0A091CB19B66651001A8EDE /* FastGamesView.m */; };
		A0A091CF19B6696E001A8EDE /* GameCell.m in Sources */ = {isa = PBXBuildFile; fileRef = A0A091CE19B6696E001A8EDE /* GameCell.m */; };
		A0A79F2019AE780F0039E3C7 /* Parse.framework in Frameworks */ = {isa = PBXBuildFile; fileRef = A0A79F1F19AE780F0039E3C7 /* Parse.framework */; };
		A0A79F2219AE78460039E3C7 /* AudioToolbox.framework in Frameworks */ = {isa = PBXBuildFile; fileRef = A0A79F2119AE78460039E3C7 /* AudioToolbox.framework */; };
		A0A79F2419AE784C0039E3C7 /* CFNetwork.framework in Frameworks */ = {isa = PBXBuildFile; fileRef = A0A79F2319AE784C0039E3C7 /* CFNetwork.framework */; };
		A0A79F2619AE78530039E3C7 /* CoreLocation.framework in Frameworks */ = {isa = PBXBuildFile; fileRef = A0A79F2519AE78530039E3C7 /* CoreLocation.framework */; };
		A0A79F2819AE78640039E3C7 /* MobileCoreServices.framework in Frameworks */ = {isa = PBXBuildFile; fileRef = A0A79F2719AE78640039E3C7 /* MobileCoreServices.framework */; };
		A0A79F2A19AE78730039E3C7 /* QuartzCore.framework in Frameworks */ = {isa = PBXBuildFile; fileRef = A0A79F2919AE78730039E3C7 /* QuartzCore.framework */; };
		A0BCCCB8195474F6001CD7F1 /* ColorsChaptersViewController.m in Sources */ = {isa = PBXBuildFile; fileRef = A0BCCCB7195474F6001CD7F1 /* ColorsChaptersViewController.m */; };
		A0BCCCBA195476D1001CD7F1 /* ColorsChaptersNames.plist in Resources */ = {isa = PBXBuildFile; fileRef = A0BCCCB9195476D1001CD7F1 /* ColorsChaptersNames.plist */; };
		A0BCCCBF19549049001CD7F1 /* ColorsGameViewController.m in Sources */ = {isa = PBXBuildFile; fileRef = A0BCCCBE19549049001CD7F1 /* ColorsGameViewController.m */; };
		A0BDEAD71976C0EC008BFF4D /* Background.png in Resources */ = {isa = PBXBuildFile; fileRef = A0BDEAD61976C0EC008BFF4D /* Background.png */; };
		A0BDEADB1976C7E3008BFF4D /* libFlurry_5.2.0.a in Frameworks */ = {isa = PBXBuildFile; fileRef = A0BDEADA1976C7E3008BFF4D /* libFlurry_5.2.0.a */; };
		A0BDEADD1976C7FC008BFF4D /* SystemConfiguration.framework in Frameworks */ = {isa = PBXBuildFile; fileRef = A0BDEADC1976C7FC008BFF4D /* SystemConfiguration.framework */; };
		A0BDEADF1976C806008BFF4D /* Security.framework in Frameworks */ = {isa = PBXBuildFile; fileRef = A0BDEADE1976C806008BFF4D /* Security.framework */; };
		A0BDEAE41977326E008BFF4D /* libFlurryAds_5.2.0.a in Frameworks */ = {isa = PBXBuildFile; fileRef = A0BDEAE31977326E008BFF4D /* libFlurryAds_5.2.0.a */; };
		A0BDEAE61977329E008BFF4D /* AdSupport.framework in Frameworks */ = {isa = PBXBuildFile; fileRef = A0BDEAE51977329E008BFF4D /* AdSupport.framework */; };
		A0BDEAE8197732A8008BFF4D /* MediaPlayer.framework in Frameworks */ = {isa = PBXBuildFile; fileRef = A0BDEAE7197732A8008BFF4D /* MediaPlayer.framework */; };
		A0BDEAEA197732B0008BFF4D /* StoreKit.framework in Frameworks */ = {isa = PBXBuildFile; fileRef = A0BDEAE9197732B0008BFF4D /* StoreKit.framework */; };
		A0BDEAEC197732BC008BFF4D /* libz.dylib in Frameworks */ = {isa = PBXBuildFile; fileRef = A0BDEAEB197732BC008BFF4D /* libz.dylib */; };
		A0BDEAEE19773C31008BFF4D /* BackgroundPad.png in Resources */ = {isa = PBXBuildFile; fileRef = A0BDEAED19773C31008BFF4D /* BackgroundPad.png */; };
		A0C35D2919A794A6007898F2 /* TouchesObject.m in Sources */ = {isa = PBXBuildFile; fileRef = A0C35D2819A794A6007898F2 /* TouchesObject.m */; };
		A0CBE4B219B4BEAE00F1F0B8 /* FourthPageViewController.m in Sources */ = {isa = PBXBuildFile; fileRef = A0CBE4B119B4BEAE00F1F0B8 /* FourthPageViewController.m */; };
		A0FC85C3196B20AB005A0A7D /* LoginViewController.m in Sources */ = {isa = PBXBuildFile; fileRef = A0FC85C2196B20AA005A0A7D /* LoginViewController.m */; };
/* End PBXBuildFile section */

/* Begin PBXContainerItemProxy section */
		8B6FB8DC19507C6B00EB2C4E /* PBXContainerItemProxy */ = {
			isa = PBXContainerItemProxy;
			containerPortal = 8B6FB8B419507C6B00EB2C4E /* Project object */;
			proxyType = 1;
			remoteGlobalIDString = 8B6FB8BB19507C6B00EB2C4E;
			remoteInfo = NumeroLoco;
		};
/* End PBXContainerItemProxy section */

/* Begin PBXFileReference section */
		8B105CFA19A4E12700100FB1 /* back.wav */ = {isa = PBXFileReference; lastKnownFileType = audio.wav; path = back.wav; sourceTree = "<group>"; };
		8B105CFB19A4E12700100FB1 /* buttonpress.wav */ = {isa = PBXFileReference; lastKnownFileType = audio.wav; path = buttonpress.wav; sourceTree = "<group>"; };
		8B18CF8E19644AD000F3FB0F /* TutorialPhoneR4_4.png */ = {isa = PBXFileReference; lastKnownFileType = image.png; path = TutorialPhoneR4_4.png; sourceTree = "<group>"; };
		8B18CF9019644BBB00F3FB0F /* TutorialPhoneR4_5.png */ = {isa = PBXFileReference; lastKnownFileType = image.png; path = TutorialPhoneR4_5.png; sourceTree = "<group>"; };
		8B1ED91419799482001FDB2C /* GameKitHelper.h */ = {isa = PBXFileReference; fileEncoding = 4; lastKnownFileType = sourcecode.c.h; path = GameKitHelper.h; sourceTree = "<group>"; };
		8B1ED91519799482001FDB2C /* GameKitHelper.m */ = {isa = PBXFileReference; fileEncoding = 4; lastKnownFileType = sourcecode.c.objc; path = GameKitHelper.m; sourceTree = "<group>"; };
		8B2CEBBF199D56DF00353E43 /* MultiplayerAlertView.h */ = {isa = PBXFileReference; fileEncoding = 4; lastKnownFileType = sourcecode.c.h; path = MultiplayerAlertView.h; sourceTree = "<group>"; };
		8B2CEBC0199D56DF00353E43 /* MultiplayerAlertView.m */ = {isa = PBXFileReference; fileEncoding = 4; lastKnownFileType = sourcecode.c.objc; path = MultiplayerAlertView.m; sourceTree = "<group>"; };
		8B316B0E199151510062FD77 /* MultiplayerWinAlert.h */ = {isa = PBXFileReference; fileEncoding = 4; lastKnownFileType = sourcecode.c.h; path = MultiplayerWinAlert.h; sourceTree = "<group>"; };
		8B316B0F199151510062FD77 /* MultiplayerWinAlert.m */ = {isa = PBXFileReference; fileEncoding = 4; lastKnownFileType = sourcecode.c.objc; path = MultiplayerWinAlert.m; sourceTree = "<group>"; };
		8B316B13199181670062FD77 /* Model.xcdatamodel */ = {isa = PBXFileReference; lastKnownFileType = wrapper.xcdatamodel; path = Model.xcdatamodel; sourceTree = "<group>"; };
		8B316B1B1991824B0062FD77 /* Score+AddOns.h */ = {isa = PBXFileReference; fileEncoding = 4; lastKnownFileType = sourcecode.c.h; path = "Score+AddOns.h"; sourceTree = "<group>"; };
		8B316B1C1991824B0062FD77 /* Score+AddOns.m */ = {isa = PBXFileReference; fileEncoding = 4; lastKnownFileType = sourcecode.c.objc; path = "Score+AddOns.m"; sourceTree = "<group>"; };
		8B5F497919A4F19900C0C7E2 /* AudioPlayer.h */ = {isa = PBXFileReference; fileEncoding = 4; lastKnownFileType = sourcecode.c.h; path = AudioPlayer.h; sourceTree = "<group>"; };
		8B5F497A19A4F19900C0C7E2 /* AudioPlayer.m */ = {isa = PBXFileReference; fileEncoding = 4; lastKnownFileType = sourcecode.c.objc; path = AudioPlayer.m; sourceTree = "<group>"; };
		8B61F8F9195C87CC0036BB90 /* GameWonAlert.h */ = {isa = PBXFileReference; fileEncoding = 4; lastKnownFileType = sourcecode.c.h; path = GameWonAlert.h; sourceTree = "<group>"; };
		8B61F8FA195C87CC0036BB90 /* GameWonAlert.m */ = {isa = PBXFileReference; fileEncoding = 4; lastKnownFileType = sourcecode.c.objc; path = GameWonAlert.m; sourceTree = "<group>"; };
		8B6FB8BC19507C6B00EB2C4E /* NumeroLoco.app */ = {isa = PBXFileReference; explicitFileType = wrapper.application; includeInIndex = 0; path = NumeroLoco.app; sourceTree = BUILT_PRODUCTS_DIR; };
		8B6FB8BF19507C6B00EB2C4E /* Foundation.framework */ = {isa = PBXFileReference; lastKnownFileType = wrapper.framework; name = Foundation.framework; path = System/Library/Frameworks/Foundation.framework; sourceTree = SDKROOT; };
		8B6FB8C119507C6B00EB2C4E /* CoreGraphics.framework */ = {isa = PBXFileReference; lastKnownFileType = wrapper.framework; name = CoreGraphics.framework; path = System/Library/Frameworks/CoreGraphics.framework; sourceTree = SDKROOT; };
		8B6FB8C319507C6B00EB2C4E /* UIKit.framework */ = {isa = PBXFileReference; lastKnownFileType = wrapper.framework; name = UIKit.framework; path = System/Library/Frameworks/UIKit.framework; sourceTree = SDKROOT; };
		8B6FB8C719507C6B00EB2C4E /* NumeroLoco-Info.plist */ = {isa = PBXFileReference; lastKnownFileType = text.plist.xml; path = "NumeroLoco-Info.plist"; sourceTree = "<group>"; };
		8B6FB8C919507C6B00EB2C4E /* en */ = {isa = PBXFileReference; lastKnownFileType = text.plist.strings; name = en; path = en.lproj/InfoPlist.strings; sourceTree = "<group>"; };
		8B6FB8CB19507C6B00EB2C4E /* main.m */ = {isa = PBXFileReference; lastKnownFileType = sourcecode.c.objc; path = main.m; sourceTree = "<group>"; };
		8B6FB8CD19507C6B00EB2C4E /* NumeroLoco-Prefix.pch */ = {isa = PBXFileReference; lastKnownFileType = sourcecode.c.h; path = "NumeroLoco-Prefix.pch"; sourceTree = "<group>"; };
		8B6FB8CE19507C6B00EB2C4E /* AppDelegate.h */ = {isa = PBXFileReference; lastKnownFileType = sourcecode.c.h; path = AppDelegate.h; sourceTree = "<group>"; };
		8B6FB8CF19507C6B00EB2C4E /* AppDelegate.m */ = {isa = PBXFileReference; lastKnownFileType = sourcecode.c.objc; path = AppDelegate.m; sourceTree = "<group>"; };
		8B6FB8D119507C6B00EB2C4E /* Images.xcassets */ = {isa = PBXFileReference; lastKnownFileType = folder.assetcatalog; path = Images.xcassets; sourceTree = "<group>"; };
		8B6FB8D719507C6B00EB2C4E /* NumeroLocoTests.xctest */ = {isa = PBXFileReference; explicitFileType = wrapper.cfbundle; includeInIndex = 0; path = NumeroLocoTests.xctest; sourceTree = BUILT_PRODUCTS_DIR; };
		8B6FB8D819507C6B00EB2C4E /* XCTest.framework */ = {isa = PBXFileReference; lastKnownFileType = wrapper.framework; name = XCTest.framework; path = Library/Frameworks/XCTest.framework; sourceTree = DEVELOPER_DIR; };
		8B6FB8E019507C6B00EB2C4E /* NumeroLocoTests-Info.plist */ = {isa = PBXFileReference; lastKnownFileType = text.plist.xml; path = "NumeroLocoTests-Info.plist"; sourceTree = "<group>"; };
		8B6FB8E219507C6B00EB2C4E /* en */ = {isa = PBXFileReference; lastKnownFileType = text.plist.strings; name = en; path = en.lproj/InfoPlist.strings; sourceTree = "<group>"; };
		8B6FB8E419507C6B00EB2C4E /* NumeroLocoTests.m */ = {isa = PBXFileReference; lastKnownFileType = sourcecode.c.objc; path = NumeroLocoTests.m; sourceTree = "<group>"; };
		8B6FB8EE19507CC400EB2C4E /* MainStoryboard.storyboard */ = {isa = PBXFileReference; fileEncoding = 4; lastKnownFileType = file.storyboard; path = MainStoryboard.storyboard; sourceTree = "<group>"; };
		8B6FB8F219507D7600EB2C4E /* RootViewController.h */ = {isa = PBXFileReference; fileEncoding = 4; lastKnownFileType = sourcecode.c.h; path = RootViewController.h; sourceTree = "<group>"; };
		8B6FB8F319507D7600EB2C4E /* RootViewController.m */ = {isa = PBXFileReference; fileEncoding = 4; lastKnownFileType = sourcecode.c.objc; path = RootViewController.m; sourceTree = "<group>"; };
		8B6FB8F7195084CE00EB2C4E /* ChaptersViewController.h */ = {isa = PBXFileReference; fileEncoding = 4; lastKnownFileType = sourcecode.c.h; path = ChaptersViewController.h; sourceTree = "<group>"; };
		8B6FB8F8195084CE00EB2C4E /* ChaptersViewController.m */ = {isa = PBXFileReference; fileEncoding = 4; lastKnownFileType = sourcecode.c.objc; path = ChaptersViewController.m; sourceTree = "<group>"; };
		8B6FB8FA19508B0800EB2C4E /* ChaptersCell.h */ = {isa = PBXFileReference; fileEncoding = 4; lastKnownFileType = sourcecode.c.h; path = ChaptersCell.h; sourceTree = "<group>"; };
		8B6FB8FB19508B0800EB2C4E /* ChaptersCell.m */ = {isa = PBXFileReference; fileEncoding = 4; lastKnownFileType = sourcecode.c.objc; path = ChaptersCell.m; sourceTree = "<group>"; };
		8B6FB8FE19508CA200EB2C4E /* ChapterNames.plist */ = {isa = PBXFileReference; fileEncoding = 4; lastKnownFileType = text.plist.xml; path = ChapterNames.plist; sourceTree = "<group>"; };
		8B6FB9051950A18600EB2C4E /* GameViewController.h */ = {isa = PBXFileReference; fileEncoding = 4; lastKnownFileType = sourcecode.c.h; path = GameViewController.h; sourceTree = "<group>"; };
		8B6FB9061950A18600EB2C4E /* GameViewController.m */ = {isa = PBXFileReference; fileEncoding = 4; lastKnownFileType = sourcecode.c.objc; path = GameViewController.m; sourceTree = "<group>"; };
		8B90453E196359FC000F2E51 /* TutorialPhoneR4_1.png */ = {isa = PBXFileReference; lastKnownFileType = image.png; path = TutorialPhoneR4_1.png; sourceTree = "<group>"; };
		8B90454019635EEF000F2E51 /* TutorialPhoneR4_2.png */ = {isa = PBXFileReference; lastKnownFileType = image.png; path = TutorialPhoneR4_2.png; sourceTree = "<group>"; };
		8B90454219636244000F2E51 /* TutorialPhoneR4_3.png */ = {isa = PBXFileReference; lastKnownFileType = image.png; path = TutorialPhoneR4_3.png; sourceTree = "<group>"; };
		8B96EAD819795E1C00E60698 /* WordsGamesDatabase2.plist */ = {isa = PBXFileReference; fileEncoding = 4; lastKnownFileType = text.plist.xml; path = WordsGamesDatabase2.plist; sourceTree = "<group>"; };
		8B96EADA1979666300E60698 /* WordsChaptersViewController.h */ = {isa = PBXFileReference; fileEncoding = 4; lastKnownFileType = sourcecode.c.h; path = WordsChaptersViewController.h; sourceTree = "<group>"; };
		8B96EADB1979666300E60698 /* WordsChaptersViewController.m */ = {isa = PBXFileReference; fileEncoding = 4; lastKnownFileType = sourcecode.c.objc; path = WordsChaptersViewController.m; sourceTree = "<group>"; };
		8B96EADD197969A200E60698 /* WordsGameViewController.h */ = {isa = PBXFileReference; fileEncoding = 4; lastKnownFileType = sourcecode.c.h; path = WordsGameViewController.h; sourceTree = "<group>"; };
		8B96EADE197969A200E60698 /* WordsGameViewController.m */ = {isa = PBXFileReference; fileEncoding = 4; lastKnownFileType = sourcecode.c.objc; path = WordsGameViewController.m; sourceTree = "<group>"; };
		8B9857FA19537C080083FD45 /* AppInfo.h */ = {isa = PBXFileReference; fileEncoding = 4; lastKnownFileType = sourcecode.c.h; path = AppInfo.h; sourceTree = "<group>"; };
		8B9857FB19537C080083FD45 /* AppInfo.m */ = {isa = PBXFileReference; fileEncoding = 4; lastKnownFileType = sourcecode.c.objc; path = AppInfo.m; sourceTree = "<group>"; };
		8BA17EDA1987D4AC00DFB839 /* CPIAPHelper.h */ = {isa = PBXFileReference; fileEncoding = 4; lastKnownFileType = sourcecode.c.h; path = CPIAPHelper.h; sourceTree = "<group>"; };
		8BA17EDB1987D4AC00DFB839 /* CPIAPHelper.m */ = {isa = PBXFileReference; fileEncoding = 4; lastKnownFileType = sourcecode.c.objc; path = CPIAPHelper.m; sourceTree = "<group>"; };
		8BA17EDC1987D4AC00DFB839 /* IAPHelper.h */ = {isa = PBXFileReference; fileEncoding = 4; lastKnownFileType = sourcecode.c.h; path = IAPHelper.h; sourceTree = "<group>"; };
		8BA17EDD1987D4AC00DFB839 /* IAPHelper.m */ = {isa = PBXFileReference; fileEncoding = 4; lastKnownFileType = sourcecode.c.objc; path = IAPHelper.m; sourceTree = "<group>"; };
		8BA17EDE1987D4AC00DFB839 /* IAPProduct.h */ = {isa = PBXFileReference; fileEncoding = 4; lastKnownFileType = sourcecode.c.h; path = IAPProduct.h; sourceTree = "<group>"; };
		8BA17EDF1987D4AC00DFB839 /* IAPProduct.m */ = {isa = PBXFileReference; fileEncoding = 4; lastKnownFileType = sourcecode.c.objc; path = IAPProduct.m; sourceTree = "<group>"; };
		8BA17EE41987E4AA00DFB839 /* MBProgressHUD.h */ = {isa = PBXFileReference; fileEncoding = 4; lastKnownFileType = sourcecode.c.h; path = MBProgressHUD.h; sourceTree = "<group>"; };
		8BA17EE51987E4AA00DFB839 /* MBProgressHUD.m */ = {isa = PBXFileReference; fileEncoding = 4; lastKnownFileType = sourcecode.c.objc; path = MBProgressHUD.m; sourceTree = "<group>"; };
		8BA60C35195B33870072A7F4 /* FileSaver.h */ = {isa = PBXFileReference; fileEncoding = 4; lastKnownFileType = sourcecode.c.h; path = FileSaver.h; sourceTree = "<group>"; };
		8BA60C36195B33870072A7F4 /* FileSaver.m */ = {isa = PBXFileReference; fileEncoding = 4; lastKnownFileType = sourcecode.c.objc; path = FileSaver.m; sourceTree = "<group>"; };
		8BA9401F195DC10C0032706E /* ColorPatternView.h */ = {isa = PBXFileReference; fileEncoding = 4; lastKnownFileType = sourcecode.c.h; path = ColorPatternView.h; sourceTree = "<group>"; };
		8BA94020195DC10C0032706E /* ColorPatternView.m */ = {isa = PBXFileReference; fileEncoding = 4; lastKnownFileType = sourcecode.c.objc; path = ColorPatternView.m; sourceTree = "<group>"; };
		8BAD7B5819926746005DB0C2 /* Score.h */ = {isa = PBXFileReference; fileEncoding = 4; lastKnownFileType = sourcecode.c.h; path = Score.h; sourceTree = "<group>"; };
		8BAD7B5919926746005DB0C2 /* Score.m */ = {isa = PBXFileReference; fileEncoding = 4; lastKnownFileType = sourcecode.c.objc; path = Score.m; sourceTree = "<group>"; };
		8BAD7B5B1992A00B005DB0C2 /* hand.png */ = {isa = PBXFileReference; lastKnownFileType = image.png; path = hand.png; sourceTree = "<group>"; };
		8BB45D7319892CDC00C68B5A /* MultiplayerGameViewController.h */ = {isa = PBXFileReference; fileEncoding = 4; lastKnownFileType = sourcecode.c.h; path = MultiplayerGameViewController.h; sourceTree = "<group>"; };
		8BB45D7419892CDC00C68B5A /* MultiplayerGameViewController.m */ = {isa = PBXFileReference; fileEncoding = 4; lastKnownFileType = sourcecode.c.objc; path = MultiplayerGameViewController.m; sourceTree = "<group>"; };
		8BB8628F199BA01200718843 /* GamesButton.png */ = {isa = PBXFileReference; lastKnownFileType = image.png; path = GamesButton.png; sourceTree = "<group>"; };
		8BB86290199BA01200718843 /* GamesButton@2x.png */ = {isa = PBXFileReference; lastKnownFileType = image.png; path = "GamesButton@2x.png"; sourceTree = "<group>"; };
		8BB86291199BA01200718843 /* OptionsButton.png */ = {isa = PBXFileReference; lastKnownFileType = image.png; path = OptionsButton.png; sourceTree = "<group>"; };
		8BB86292199BA01200718843 /* OptionsButton@2x.png */ = {isa = PBXFileReference; lastKnownFileType = image.png; path = "OptionsButton@2x.png"; sourceTree = "<group>"; };
		8BB86297199BA60900718843 /* ColorsButton.png */ = {isa = PBXFileReference; lastKnownFileType = image.png; path = ColorsButton.png; sourceTree = "<group>"; };
		8BB86298199BA60900718843 /* ColorsButton@2x.png */ = {isa = PBXFileReference; lastKnownFileType = image.png; path = "ColorsButton@2x.png"; sourceTree = "<group>"; };
		8BB86299199BA60900718843 /* NumbersButton.png */ = {isa = PBXFileReference; lastKnownFileType = image.png; path = NumbersButton.png; sourceTree = "<group>"; };
		8BB8629A199BA60900718843 /* NumbersButton@2x.png */ = {isa = PBXFileReference; lastKnownFileType = image.png; path = "NumbersButton@2x.png"; sourceTree = "<group>"; };
		8BB8629F199BBB2700718843 /* TwoPlayersButton.png */ = {isa = PBXFileReference; lastKnownFileType = image.png; path = TwoPlayersButton.png; sourceTree = "<group>"; };
		8BB862A0199BBB2700718843 /* TwoPlayersButton@2x.png */ = {isa = PBXFileReference; lastKnownFileType = image.png; path = "TwoPlayersButton@2x.png"; sourceTree = "<group>"; };
		8BB862A3199BC07500718843 /* Flecha.png */ = {isa = PBXFileReference; lastKnownFileType = image.png; path = Flecha.png; sourceTree = "<group>"; };
		8BB862A4199BC07500718843 /* Flecha@2x.png */ = {isa = PBXFileReference; lastKnownFileType = image.png; path = "Flecha@2x.png"; sourceTree = "<group>"; };
		8BB8A9BD19A3BDD10076E4A7 /* crossbg.mp3 */ = {isa = PBXFileReference; lastKnownFileType = audio.mp3; path = crossbg.mp3; sourceTree = "<group>"; };
		8BB8A9BE19A3BDD10076E4A7 /* press.m4a */ = {isa = PBXFileReference; lastKnownFileType = file; path = press.m4a; sourceTree = "<group>"; };
		8BB8A9BF19A3BDD10076E4A7 /* win.m4a */ = {isa = PBXFileReference; lastKnownFileType = file; path = win.m4a; sourceTree = "<group>"; };
		8BB8A9C319A3C2530076E4A7 /* win.wav */ = {isa = PBXFileReference; lastKnownFileType = audio.wav; path = win.wav; sourceTree = "<group>"; };
		8BB8A9C519A3C6220076E4A7 /* press.wav */ = {isa = PBXFileReference; lastKnownFileType = audio.wav; path = press.wav; sourceTree = "<group>"; };
		8BB8A9C719A3D99A0076E4A7 /* restart.wav */ = {isa = PBXFileReference; lastKnownFileType = audio.wav; path = restart.wav; sourceTree = "<group>"; };
		8BB8A9C919A3F3270076E4A7 /* AVFoundation.framework */ = {isa = PBXFileReference; lastKnownFileType = wrapper.framework; name = AVFoundation.framework; path = System/Library/Frameworks/AVFoundation.framework; sourceTree = SDKROOT; };
		8BB8A9CB19A3FA8F0076E4A7 /* restartnuevo.wav */ = {isa = PBXFileReference; lastKnownFileType = audio.wav; path = restartnuevo.wav; sourceTree = "<group>"; };
		8BB9EC9119632542007B8C8E /* TutorialViewController.h */ = {isa = PBXFileReference; fileEncoding = 4; lastKnownFileType = sourcecode.c.h; path = TutorialViewController.h; sourceTree = "<group>"; };
		8BB9EC9219632542007B8C8E /* TutorialViewController.m */ = {isa = PBXFileReference; fileEncoding = 4; lastKnownFileType = sourcecode.c.objc; path = TutorialViewController.m; sourceTree = "<group>"; };
		8BB9EC94196345E9007B8C8E /* TutorialCell.h */ = {isa = PBXFileReference; fileEncoding = 4; lastKnownFileType = sourcecode.c.h; path = TutorialCell.h; sourceTree = "<group>"; };
		8BB9EC95196345E9007B8C8E /* TutorialCell.m */ = {isa = PBXFileReference; fileEncoding = 4; lastKnownFileType = sourcecode.c.objc; path = TutorialCell.m; sourceTree = "<group>"; };
		8BC16FCD19780957003405F1 /* GameKit.framework */ = {isa = PBXFileReference; lastKnownFileType = wrapper.framework; name = GameKit.framework; path = System/Library/Frameworks/GameKit.framework; sourceTree = SDKROOT; };
		8BCD5C99199A50C20018BB65 /* AllGamesFinishedView.h */ = {isa = PBXFileReference; fileEncoding = 4; lastKnownFileType = sourcecode.c.h; path = AllGamesFinishedView.h; sourceTree = "<group>"; };
		8BCD5C9A199A50C20018BB65 /* AllGamesFinishedView.m */ = {isa = PBXFileReference; fileEncoding = 4; lastKnownFileType = sourcecode.c.objc; path = AllGamesFinishedView.m; sourceTree = "<group>"; };
		8BD2CED21951E6B4002EF327 /* GamesDatabase2.plist */ = {isa = PBXFileReference; fileEncoding = 4; lastKnownFileType = text.plist.xml; path = GamesDatabase2.plist; sourceTree = "<group>"; };
		8BE1D5F4198697A700CAAFCF /* Social.framework */ = {isa = PBXFileReference; lastKnownFileType = wrapper.framework; name = Social.framework; path = System/Library/Frameworks/Social.framework; sourceTree = SDKROOT; };
		8BE1D5F61986A5A300CAAFCF /* ChallengeFriendsViewController.h */ = {isa = PBXFileReference; fileEncoding = 4; lastKnownFileType = sourcecode.c.h; path = ChallengeFriendsViewController.h; sourceTree = "<group>"; };
		8BE1D5F71986A5A300CAAFCF /* ChallengeFriendsViewController.m */ = {isa = PBXFileReference; fileEncoding = 4; lastKnownFileType = sourcecode.c.objc; path = ChallengeFriendsViewController.m; sourceTree = "<group>"; };
		8BE1D5F91986AD4D00CAAFCF /* FriendsCell.h */ = {isa = PBXFileReference; fileEncoding = 4; lastKnownFileType = sourcecode.c.h; path = FriendsCell.h; sourceTree = "<group>"; };
		8BE1D5FA1986AD4D00CAAFCF /* FriendsCell.m */ = {isa = PBXFileReference; fileEncoding = 4; lastKnownFileType = sourcecode.c.objc; path = FriendsCell.m; sourceTree = "<group>"; };
		8BE1D5FC1986BF4800CAAFCF /* checkmark.png */ = {isa = PBXFileReference; lastKnownFileType = image.png; path = checkmark.png; sourceTree = "<group>"; };
		8BE1D5FE1986D2FE00CAAFCF /* ChallengeIcon.png */ = {isa = PBXFileReference; lastKnownFileType = image.png; path = ChallengeIcon.png; sourceTree = "<group>"; };
		8BE1D5FF1986D2FE00CAAFCF /* FacebookLogo.png */ = {isa = PBXFileReference; lastKnownFileType = image.png; path = FacebookLogo.png; sourceTree = "<group>"; };
		8BE1D6001986D2FE00CAAFCF /* TwitterLogo.gif */ = {isa = PBXFileReference; lastKnownFileType = image.gif; path = TwitterLogo.gif; sourceTree = "<group>"; };
		8BE1D6041986F8D200CAAFCF /* ColorGamesDatabase2.plist */ = {isa = PBXFileReference; fileEncoding = 4; lastKnownFileType = text.plist.xml; path = ColorGamesDatabase2.plist; sourceTree = "<group>"; };
		8BF4A7121978047C00F2B531 /* FacebookSDK.framework */ = {isa = PBXFileReference; lastKnownFileType = wrapper.framework; name = FacebookSDK.framework; path = ../../Documents/FacebookSDK/FacebookSDK.framework; sourceTree = "<group>"; };
		A043669619A6AB8D00D071DC /* Touch2.png */ = {isa = PBXFileReference; lastKnownFileType = image.png; path = Touch2.png; sourceTree = "<group>"; };
		A043669819A6ABEF00D071DC /* BuyTouchesView.h */ = {isa = PBXFileReference; fileEncoding = 4; lastKnownFileType = sourcecode.c.h; path = BuyTouchesView.h; sourceTree = "<group>"; };
		A043669919A6ABEF00D071DC /* BuyTouchesView.m */ = {isa = PBXFileReference; fileEncoding = 4; lastKnownFileType = sourcecode.c.objc; path = BuyTouchesView.m; sourceTree = "<group>"; };
		A043669B19A6C58F00D071DC /* Close.png */ = {isa = PBXFileReference; lastKnownFileType = image.png; path = Close.png; sourceTree = "<group>"; };
		A043669C19A6C58F00D071DC /* Close@2x.png */ = {isa = PBXFileReference; lastKnownFileType = image.png; path = "Close@2x.png"; sourceTree = "<group>"; };
		A043BD0319A64A9B00E5B047 /* NoTouchesAlertView.h */ = {isa = PBXFileReference; fileEncoding = 4; lastKnownFileType = sourcecode.c.h; path = NoTouchesAlertView.h; sourceTree = "<group>"; };
		A043BD0419A64A9B00E5B047 /* NoTouchesAlertView.m */ = {isa = PBXFileReference; fileEncoding = 4; lastKnownFileType = sourcecode.c.objc; path = NoTouchesAlertView.m; sourceTree = "<group>"; };
		A06520701959B7D100399778 /* PadStoryboard.storyboard */ = {isa = PBXFileReference; fileEncoding = 4; lastKnownFileType = file.storyboard; path = PadStoryboard.storyboard; sourceTree = "<group>"; };
		A08E2DB819B11FB6009F8F6F /* TutorialContainerViewController.h */ = {isa = PBXFileReference; fileEncoding = 4; lastKnownFileType = sourcecode.c.h; path = TutorialContainerViewController.h; sourceTree = "<group>"; };
		A08E2DB919B11FB6009F8F6F /* TutorialContainerViewController.m */ = {isa = PBXFileReference; fileEncoding = 4; lastKnownFileType = sourcecode.c.objc; path = TutorialContainerViewController.m; sourceTree = "<group>"; };
		A08E2DBB19B11FCA009F8F6F /* FirstPageTutViewController.h */ = {isa = PBXFileReference; fileEncoding = 4; lastKnownFileType = sourcecode.c.h; path = FirstPageTutViewController.h; sourceTree = "<group>"; };
		A08E2DBC19B11FCA009F8F6F /* FirstPageTutViewController.m */ = {isa = PBXFileReference; fileEncoding = 4; lastKnownFileType = sourcecode.c.objc; path = FirstPageTutViewController.m; sourceTree = "<group>"; };
		A08E2DBE19B11FD6009F8F6F /* SecondPageTutViewController.h */ = {isa = PBXFileReference; fileEncoding = 4; lastKnownFileType = sourcecode.c.h; path = SecondPageTutViewController.h; sourceTree = "<group>"; };
		A08E2DBF19B11FD6009F8F6F /* SecondPageTutViewController.m */ = {isa = PBXFileReference; fileEncoding = 4; lastKnownFileType = sourcecode.c.objc; path = SecondPageTutViewController.m; sourceTree = "<group>"; };
		A08E2DC119B11FE3009F8F6F /* ThirdPageTutViewController.h */ = {isa = PBXFileReference; fileEncoding = 4; lastKnownFileType = sourcecode.c.h; path = ThirdPageTutViewController.h; sourceTree = "<group>"; };
		A08E2DC219B11FE3009F8F6F /* ThirdPageTutViewController.m */ = {isa = PBXFileReference; fileEncoding = 4; lastKnownFileType = sourcecode.c.objc; path = ThirdPageTutViewController.m; sourceTree = "<group>"; };
		A08E2DC419B13251009F8F6F /* TutorialAlertView.h */ = {isa = PBXFileReference; fileEncoding = 4; lastKnownFileType = sourcecode.c.h; path = TutorialAlertView.h; sourceTree = "<group>"; };
		A08E2DC519B13251009F8F6F /* TutorialAlertView.m */ = {isa = PBXFileReference; fileEncoding = 4; lastKnownFileType = sourcecode.c.objc; path = TutorialAlertView.m; sourceTree = "<group>"; };
		A08EAD1A19AB80AB00F36E23 /* FastGameModeViewController.h */ = {isa = PBXFileReference; fileEncoding = 4; lastKnownFileType = sourcecode.c.h; path = FastGameModeViewController.h; sourceTree = "<group>"; };
		A08EAD1B19AB80AB00F36E23 /* FastGameModeViewController.m */ = {isa = PBXFileReference; fileEncoding = 4; lastKnownFileType = sourcecode.c.objc; path = FastGameModeViewController.m; sourceTree = "<group>"; };
		A08EAD1D19AB83F400F36E23 /* FastGamesDatabase.plist */ = {isa = PBXFileReference; fileEncoding = 4; lastKnownFileType = text.plist.xml; path = FastGamesDatabase.plist; sourceTree = "<group>"; };
		A08EAD1F19AB96CC00F36E23 /* FastGameWinAlert.h */ = {isa = PBXFileReference; fileEncoding = 4; lastKnownFileType = sourcecode.c.h; path = FastGameWinAlert.h; sourceTree = "<group>"; };
		A08EAD2019AB96CC00F36E23 /* FastGameWinAlert.m */ = {isa = PBXFileReference; fileEncoding = 4; lastKnownFileType = sourcecode.c.objc; path = FastGameWinAlert.m; sourceTree = "<group>"; };
		A08EAD2219AD1E0E00F36E23 /* heart.png */ = {isa = PBXFileReference; lastKnownFileType = image.png; path = heart.png; sourceTree = "<group>"; };
		A08EAD2319AD1E0E00F36E23 /* heart@2x.png */ = {isa = PBXFileReference; lastKnownFileType = image.png; path = "heart@2x.png"; sourceTree = "<group>"; };
		A08EAD2619AD274C00F36E23 /* BuyLivesView.h */ = {isa = PBXFileReference; fileEncoding = 4; lastKnownFileType = sourcecode.c.h; path = BuyLivesView.h; sourceTree = "<group>"; };
		A08EAD2719AD274C00F36E23 /* BuyLivesView.m */ = {isa = PBXFileReference; fileEncoding = 4; lastKnownFileType = sourcecode.c.objc; path = BuyLivesView.m; sourceTree = "<group>"; };
		A0A091CA19B66651001A8EDE /* FastGamesView.h */ = {isa = PBXFileReference; fileEncoding = 4; lastKnownFileType = sourcecode.c.h; path = FastGamesView.h; sourceTree = "<group>"; };
		A0A091CB19B66651001A8EDE /* FastGamesView.m */ = {isa = PBXFileReference; fileEncoding = 4; lastKnownFileType = sourcecode.c.objc; path = FastGamesView.m; sourceTree = "<group>"; };
		A0A091CD19B6696E001A8EDE /* GameCell.h */ = {isa = PBXFileReference; fileEncoding = 4; lastKnownFileType = sourcecode.c.h; path = GameCell.h; sourceTree = "<group>"; };
		A0A091CE19B6696E001A8EDE /* GameCell.m */ = {isa = PBXFileReference; fileEncoding = 4; lastKnownFileType = sourcecode.c.objc; path = GameCell.m; sourceTree = "<group>"; };
		A0A79F1F19AE780F0039E3C7 /* Parse.framework */ = {isa = PBXFileReference; lastKnownFileType = wrapper.framework; path = Parse.framework; sourceTree = "<group>"; };
		A0A79F2119AE78460039E3C7 /* AudioToolbox.framework */ = {isa = PBXFileReference; lastKnownFileType = wrapper.framework; name = AudioToolbox.framework; path = System/Library/Frameworks/AudioToolbox.framework; sourceTree = SDKROOT; };
		A0A79F2319AE784C0039E3C7 /* CFNetwork.framework */ = {isa = PBXFileReference; lastKnownFileType = wrapper.framework; name = CFNetwork.framework; path = System/Library/Frameworks/CFNetwork.framework; sourceTree = SDKROOT; };
		A0A79F2519AE78530039E3C7 /* CoreLocation.framework */ = {isa = PBXFileReference; lastKnownFileType = wrapper.framework; name = CoreLocation.framework; path = System/Library/Frameworks/CoreLocation.framework; sourceTree = SDKROOT; };
		A0A79F2719AE78640039E3C7 /* MobileCoreServices.framework */ = {isa = PBXFileReference; lastKnownFileType = wrapper.framework; name = MobileCoreServices.framework; path = System/Library/Frameworks/MobileCoreServices.framework; sourceTree = SDKROOT; };
		A0A79F2919AE78730039E3C7 /* QuartzCore.framework */ = {isa = PBXFileReference; lastKnownFileType = wrapper.framework; name = QuartzCore.framework; path = System/Library/Frameworks/QuartzCore.framework; sourceTree = SDKROOT; };
		A0BCCCB6195474F6001CD7F1 /* ColorsChaptersViewController.h */ = {isa = PBXFileReference; fileEncoding = 4; lastKnownFileType = sourcecode.c.h; path = ColorsChaptersViewController.h; sourceTree = "<group>"; };
		A0BCCCB7195474F6001CD7F1 /* ColorsChaptersViewController.m */ = {isa = PBXFileReference; fileEncoding = 4; lastKnownFileType = sourcecode.c.objc; path = ColorsChaptersViewController.m; sourceTree = "<group>"; };
		A0BCCCB9195476D1001CD7F1 /* ColorsChaptersNames.plist */ = {isa = PBXFileReference; fileEncoding = 4; lastKnownFileType = text.plist.xml; path = ColorsChaptersNames.plist; sourceTree = "<group>"; };
		A0BCCCBD19549049001CD7F1 /* ColorsGameViewController.h */ = {isa = PBXFileReference; fileEncoding = 4; lastKnownFileType = sourcecode.c.h; path = ColorsGameViewController.h; sourceTree = "<group>"; };
		A0BCCCBE19549049001CD7F1 /* ColorsGameViewController.m */ = {isa = PBXFileReference; fileEncoding = 4; lastKnownFileType = sourcecode.c.objc; path = ColorsGameViewController.m; sourceTree = "<group>"; };
		A0BDEAD61976C0EC008BFF4D /* Background.png */ = {isa = PBXFileReference; lastKnownFileType = image.png; path = Background.png; sourceTree = "<group>"; };
		A0BDEAD91976C7E3008BFF4D /* Flurry.h */ = {isa = PBXFileReference; fileEncoding = 4; lastKnownFileType = sourcecode.c.h; path = Flurry.h; sourceTree = "<group>"; };
		A0BDEADA1976C7E3008BFF4D /* libFlurry_5.2.0.a */ = {isa = PBXFileReference; lastKnownFileType = archive.ar; path = libFlurry_5.2.0.a; sourceTree = "<group>"; };
		A0BDEADC1976C7FC008BFF4D /* SystemConfiguration.framework */ = {isa = PBXFileReference; lastKnownFileType = wrapper.framework; name = SystemConfiguration.framework; path = System/Library/Frameworks/SystemConfiguration.framework; sourceTree = SDKROOT; };
		A0BDEADE1976C806008BFF4D /* Security.framework */ = {isa = PBXFileReference; lastKnownFileType = wrapper.framework; name = Security.framework; path = System/Library/Frameworks/Security.framework; sourceTree = SDKROOT; };
		A0BDEAE11977326E008BFF4D /* FlurryAdDelegate.h */ = {isa = PBXFileReference; fileEncoding = 4; lastKnownFileType = sourcecode.c.h; path = FlurryAdDelegate.h; sourceTree = "<group>"; };
		A0BDEAE21977326E008BFF4D /* FlurryAds.h */ = {isa = PBXFileReference; fileEncoding = 4; lastKnownFileType = sourcecode.c.h; path = FlurryAds.h; sourceTree = "<group>"; };
		A0BDEAE31977326E008BFF4D /* libFlurryAds_5.2.0.a */ = {isa = PBXFileReference; lastKnownFileType = archive.ar; path = libFlurryAds_5.2.0.a; sourceTree = "<group>"; };
		A0BDEAE51977329E008BFF4D /* AdSupport.framework */ = {isa = PBXFileReference; lastKnownFileType = wrapper.framework; name = AdSupport.framework; path = System/Library/Frameworks/AdSupport.framework; sourceTree = SDKROOT; };
		A0BDEAE7197732A8008BFF4D /* MediaPlayer.framework */ = {isa = PBXFileReference; lastKnownFileType = wrapper.framework; name = MediaPlayer.framework; path = System/Library/Frameworks/MediaPlayer.framework; sourceTree = SDKROOT; };
		A0BDEAE9197732B0008BFF4D /* StoreKit.framework */ = {isa = PBXFileReference; lastKnownFileType = wrapper.framework; name = StoreKit.framework; path = System/Library/Frameworks/StoreKit.framework; sourceTree = SDKROOT; };
		A0BDEAEB197732BC008BFF4D /* libz.dylib */ = {isa = PBXFileReference; lastKnownFileType = "compiled.mach-o.dylib"; name = libz.dylib; path = usr/lib/libz.dylib; sourceTree = SDKROOT; };
		A0BDEAED19773C31008BFF4D /* BackgroundPad.png */ = {isa = PBXFileReference; lastKnownFileType = image.png; path = BackgroundPad.png; sourceTree = "<group>"; };
		A0C35D2719A794A6007898F2 /* TouchesObject.h */ = {isa = PBXFileReference; fileEncoding = 4; lastKnownFileType = sourcecode.c.h; path = TouchesObject.h; sourceTree = "<group>"; };
		A0C35D2819A794A6007898F2 /* TouchesObject.m */ = {isa = PBXFileReference; fileEncoding = 4; lastKnownFileType = sourcecode.c.objc; path = TouchesObject.m; sourceTree = "<group>"; };
		A0CBE4B019B4BEAE00F1F0B8 /* FourthPageViewController.h */ = {isa = PBXFileReference; fileEncoding = 4; lastKnownFileType = sourcecode.c.h; path = FourthPageViewController.h; sourceTree = "<group>"; };
		A0CBE4B119B4BEAE00F1F0B8 /* FourthPageViewController.m */ = {isa = PBXFileReference; fileEncoding = 4; lastKnownFileType = sourcecode.c.objc; path = FourthPageViewController.m; sourceTree = "<group>"; };
		A0FC85C1196B20AA005A0A7D /* LoginViewController.h */ = {isa = PBXFileReference; fileEncoding = 4; lastKnownFileType = sourcecode.c.h; path = LoginViewController.h; sourceTree = "<group>"; };
		A0FC85C2196B20AA005A0A7D /* LoginViewController.m */ = {isa = PBXFileReference; fileEncoding = 4; lastKnownFileType = sourcecode.c.objc; path = LoginViewController.m; sourceTree = "<group>"; };
/* End PBXFileReference section */

/* Begin PBXFrameworksBuildPhase section */
		8B6FB8B919507C6B00EB2C4E /* Frameworks */ = {
			isa = PBXFrameworksBuildPhase;
			buildActionMask = 2147483647;
			files = (
				A0A79F2A19AE78730039E3C7 /* QuartzCore.framework in Frameworks */,
				A0A79F2819AE78640039E3C7 /* MobileCoreServices.framework in Frameworks */,
				A0A79F2619AE78530039E3C7 /* CoreLocation.framework in Frameworks */,
				A0A79F2419AE784C0039E3C7 /* CFNetwork.framework in Frameworks */,
				A0A79F2219AE78460039E3C7 /* AudioToolbox.framework in Frameworks */,
				8BE1D5F5198697A700CAAFCF /* Social.framework in Frameworks */,
				8BC16FCE19780957003405F1 /* GameKit.framework in Frameworks */,
				A0BDEAEC197732BC008BFF4D /* libz.dylib in Frameworks */,
				A0BDEAEA197732B0008BFF4D /* StoreKit.framework in Frameworks */,
				A0A79F2019AE780F0039E3C7 /* Parse.framework in Frameworks */,
				A0BDEAE8197732A8008BFF4D /* MediaPlayer.framework in Frameworks */,
				A0BDEAE61977329E008BFF4D /* AdSupport.framework in Frameworks */,
				A0BDEAE41977326E008BFF4D /* libFlurryAds_5.2.0.a in Frameworks */,
				8BF4A7131978047C00F2B531 /* FacebookSDK.framework in Frameworks */,
				A0BDEADF1976C806008BFF4D /* Security.framework in Frameworks */,
				A0BDEADD1976C7FC008BFF4D /* SystemConfiguration.framework in Frameworks */,
				8B6FB8C219507C6B00EB2C4E /* CoreGraphics.framework in Frameworks */,
				8B6FB8C419507C6B00EB2C4E /* UIKit.framework in Frameworks */,
				8B6FB8C019507C6B00EB2C4E /* Foundation.framework in Frameworks */,
				A0BDEADB1976C7E3008BFF4D /* libFlurry_5.2.0.a in Frameworks */,
			);
			runOnlyForDeploymentPostprocessing = 0;
		};
		8B6FB8D419507C6B00EB2C4E /* Frameworks */ = {
			isa = PBXFrameworksBuildPhase;
			buildActionMask = 2147483647;
			files = (
				8B6FB8D919507C6B00EB2C4E /* XCTest.framework in Frameworks */,
				8B6FB8DB19507C6B00EB2C4E /* UIKit.framework in Frameworks */,
				8B6FB8DA19507C6B00EB2C4E /* Foundation.framework in Frameworks */,
			);
			runOnlyForDeploymentPostprocessing = 0;
		};
/* End PBXFrameworksBuildPhase section */

/* Begin PBXGroup section */
		8B1ED910197990A3001FDB2C /* GameCenter */ = {
			isa = PBXGroup;
			children = (
				8B1ED91419799482001FDB2C /* GameKitHelper.h */,
				8B1ED91519799482001FDB2C /* GameKitHelper.m */,
			);
			name = GameCenter;
			sourceTree = "<group>";
		};
		8B316B111991801B0062FD77 /* CoreData */ = {
			isa = PBXGroup;
			children = (
				8B316B1B1991824B0062FD77 /* Score+AddOns.h */,
				8B316B1C1991824B0062FD77 /* Score+AddOns.m */,
				8BAD7B5819926746005DB0C2 /* Score.h */,
				8BAD7B5919926746005DB0C2 /* Score.m */,
				8B316B12199181670062FD77 /* Model.xcdatamodeld */,
			);
			name = CoreData;
			sourceTree = "<group>";
		};
		8B5F497819A4F17D00C0C7E2 /* Custom Objects */ = {
			isa = PBXGroup;
			children = (
				8B5F497919A4F19900C0C7E2 /* AudioPlayer.h */,
				8B5F497A19A4F19900C0C7E2 /* AudioPlayer.m */,
				A0C35D2719A794A6007898F2 /* TouchesObject.h */,
				A0C35D2819A794A6007898F2 /* TouchesObject.m */,
			);
			name = "Custom Objects";
			sourceTree = "<group>";
		};
		8B61F8F8195C87A90036BB90 /* Custom Views */ = {
			isa = PBXGroup;
			children = (
				8B61F8F9195C87CC0036BB90 /* GameWonAlert.h */,
				8B61F8FA195C87CC0036BB90 /* GameWonAlert.m */,
				8BA9401F195DC10C0032706E /* ColorPatternView.h */,
				8BA94020195DC10C0032706E /* ColorPatternView.m */,
				8B316B0E199151510062FD77 /* MultiplayerWinAlert.h */,
				8B316B0F199151510062FD77 /* MultiplayerWinAlert.m */,
				8BCD5C99199A50C20018BB65 /* AllGamesFinishedView.h */,
				8BCD5C9A199A50C20018BB65 /* AllGamesFinishedView.m */,
				8B2CEBBF199D56DF00353E43 /* MultiplayerAlertView.h */,
				8B2CEBC0199D56DF00353E43 /* MultiplayerAlertView.m */,
				A043BD0319A64A9B00E5B047 /* NoTouchesAlertView.h */,
				A043BD0419A64A9B00E5B047 /* NoTouchesAlertView.m */,
				A043669819A6ABEF00D071DC /* BuyTouchesView.h */,
				A043669919A6ABEF00D071DC /* BuyTouchesView.m */,
				A08EAD2619AD274C00F36E23 /* BuyLivesView.h */,
				A08EAD2719AD274C00F36E23 /* BuyLivesView.m */,
				A08EAD1F19AB96CC00F36E23 /* FastGameWinAlert.h */,
				A08EAD2019AB96CC00F36E23 /* FastGameWinAlert.m */,
				A08E2DC419B13251009F8F6F /* TutorialAlertView.h */,
				A08E2DC519B13251009F8F6F /* TutorialAlertView.m */,
				A0A091CA19B66651001A8EDE /* FastGamesView.h */,
				A0A091CB19B66651001A8EDE /* FastGamesView.m */,
			);
			name = "Custom Views";
			sourceTree = "<group>";
		};
		8B6FB8B319507C6B00EB2C4E = {
			isa = PBXGroup;
			children = (
				8B6FB8C519507C6B00EB2C4E /* NumeroLoco */,
				8B6FB8DE19507C6B00EB2C4E /* NumeroLocoTests */,
				8B6FB8BE19507C6B00EB2C4E /* Frameworks */,
				8B6FB8BD19507C6B00EB2C4E /* Products */,
			);
			sourceTree = "<group>";
		};
		8B6FB8BD19507C6B00EB2C4E /* Products */ = {
			isa = PBXGroup;
			children = (
				8B6FB8BC19507C6B00EB2C4E /* NumeroLoco.app */,
				8B6FB8D719507C6B00EB2C4E /* NumeroLocoTests.xctest */,
			);
			name = Products;
			sourceTree = "<group>";
		};
		8B6FB8BE19507C6B00EB2C4E /* Frameworks */ = {
			isa = PBXGroup;
			children = (
				A0A79F2919AE78730039E3C7 /* QuartzCore.framework */,
				A0A79F2719AE78640039E3C7 /* MobileCoreServices.framework */,
				A0A79F2519AE78530039E3C7 /* CoreLocation.framework */,
				A0A79F2319AE784C0039E3C7 /* CFNetwork.framework */,
				A0A79F2119AE78460039E3C7 /* AudioToolbox.framework */,
				A0A79F1F19AE780F0039E3C7 /* Parse.framework */,
				8BB8A9C919A3F3270076E4A7 /* AVFoundation.framework */,
				8BE1D5F4198697A700CAAFCF /* Social.framework */,
				8BC16FCD19780957003405F1 /* GameKit.framework */,
				A0BDEAEB197732BC008BFF4D /* libz.dylib */,
				A0BDEAE9197732B0008BFF4D /* StoreKit.framework */,
				A0BDEAE7197732A8008BFF4D /* MediaPlayer.framework */,
				A0BDEAE51977329E008BFF4D /* AdSupport.framework */,
				A0BDEADE1976C806008BFF4D /* Security.framework */,
				A0BDEADC1976C7FC008BFF4D /* SystemConfiguration.framework */,
				8B6FB8BF19507C6B00EB2C4E /* Foundation.framework */,
				8B6FB8C119507C6B00EB2C4E /* CoreGraphics.framework */,
				8B6FB8C319507C6B00EB2C4E /* UIKit.framework */,
				8B6FB8D819507C6B00EB2C4E /* XCTest.framework */,
			);
			name = Frameworks;
			sourceTree = "<group>";
		};
		8B6FB8C519507C6B00EB2C4E /* NumeroLoco */ = {
			isa = PBXGroup;
			children = (
				8B5F497819A4F17D00C0C7E2 /* Custom Objects */,
				8B316B111991801B0062FD77 /* CoreData */,
				8BA17EE31987E4AA00DFB839 /* MBProgressHUD2 */,
				8BA17ED91987D4AC00DFB839 /* InApp Purchases */,
				8B1ED910197990A3001FDB2C /* GameCenter */,
				8BF4A7121978047C00F2B531 /* FacebookSDK.framework */,
				A0BDEAE01977326E008BFF4D /* FlurryAds */,
				A0BDEAD81976C7E3008BFF4D /* Flurry */,
				8BA60C34195B33870072A7F4 /* FileSaver */,
				8B9857FA19537C080083FD45 /* AppInfo.h */,
				8B9857FB19537C080083FD45 /* AppInfo.m */,
				8B6FB8F6195084BD00EB2C4E /* Main */,
				8B6FB8F5195084B400EB2C4E /* ViewControllers */,
				8B6FB8FD19508BBB00EB2C4E /* Custom Cells */,
				8B61F8F8195C87A90036BB90 /* Custom Views */,
				8B6FB8D119507C6B00EB2C4E /* Images.xcassets */,
				8B6FB8C619507C6B00EB2C4E /* Supporting Files */,
				8B6FB8FE19508CA200EB2C4E /* ChapterNames.plist */,
				A0BCCCB9195476D1001CD7F1 /* ColorsChaptersNames.plist */,
				8BD2CED21951E6B4002EF327 /* GamesDatabase2.plist */,
				8B96EAD819795E1C00E60698 /* WordsGamesDatabase2.plist */,
				8BE1D6041986F8D200CAAFCF /* ColorGamesDatabase2.plist */,
				A08EAD1D19AB83F400F36E23 /* FastGamesDatabase.plist */,
			);
			path = NumeroLoco;
			sourceTree = "<group>";
		};
		8B6FB8C619507C6B00EB2C4E /* Supporting Files */ = {
			isa = PBXGroup;
			children = (
				8B90453B196359FC000F2E51 /* Resources */,
				8B6FB8C719507C6B00EB2C4E /* NumeroLoco-Info.plist */,
				8B6FB8C819507C6B00EB2C4E /* InfoPlist.strings */,
				8B6FB8CB19507C6B00EB2C4E /* main.m */,
				8B6FB8CD19507C6B00EB2C4E /* NumeroLoco-Prefix.pch */,
			);
			name = "Supporting Files";
			sourceTree = "<group>";
		};
		8B6FB8DE19507C6B00EB2C4E /* NumeroLocoTests */ = {
			isa = PBXGroup;
			children = (
				8B6FB8E419507C6B00EB2C4E /* NumeroLocoTests.m */,
				8B6FB8DF19507C6B00EB2C4E /* Supporting Files */,
			);
			path = NumeroLocoTests;
			sourceTree = "<group>";
		};
		8B6FB8DF19507C6B00EB2C4E /* Supporting Files */ = {
			isa = PBXGroup;
			children = (
				8B6FB8E019507C6B00EB2C4E /* NumeroLocoTests-Info.plist */,
				8B6FB8E119507C6B00EB2C4E /* InfoPlist.strings */,
			);
			name = "Supporting Files";
			sourceTree = "<group>";
		};
		8B6FB8F5195084B400EB2C4E /* ViewControllers */ = {
			isa = PBXGroup;
			children = (
				A0FC85C1196B20AA005A0A7D /* LoginViewController.h */,
				A0FC85C2196B20AA005A0A7D /* LoginViewController.m */,
				8B6FB8F219507D7600EB2C4E /* RootViewController.h */,
				8B6FB8F319507D7600EB2C4E /* RootViewController.m */,
				8B6FB8F7195084CE00EB2C4E /* ChaptersViewController.h */,
				8B6FB8F8195084CE00EB2C4E /* ChaptersViewController.m */,
				A0BCCCB6195474F6001CD7F1 /* ColorsChaptersViewController.h */,
				A0BCCCB7195474F6001CD7F1 /* ColorsChaptersViewController.m */,
				8B96EADA1979666300E60698 /* WordsChaptersViewController.h */,
				8B96EADB1979666300E60698 /* WordsChaptersViewController.m */,
				8B6FB9051950A18600EB2C4E /* GameViewController.h */,
				8B6FB9061950A18600EB2C4E /* GameViewController.m */,
				A0BCCCBD19549049001CD7F1 /* ColorsGameViewController.h */,
				A0BCCCBE19549049001CD7F1 /* ColorsGameViewController.m */,
				8B96EADD197969A200E60698 /* WordsGameViewController.h */,
				8B96EADE197969A200E60698 /* WordsGameViewController.m */,
				8BB9EC9119632542007B8C8E /* TutorialViewController.h */,
				8BB9EC9219632542007B8C8E /* TutorialViewController.m */,
				8BE1D5F61986A5A300CAAFCF /* ChallengeFriendsViewController.h */,
				8BE1D5F71986A5A300CAAFCF /* ChallengeFriendsViewController.m */,
				8BB45D7319892CDC00C68B5A /* MultiplayerGameViewController.h */,
				8BB45D7419892CDC00C68B5A /* MultiplayerGameViewController.m */,
				A08EAD1A19AB80AB00F36E23 /* FastGameModeViewController.h */,
				A08EAD1B19AB80AB00F36E23 /* FastGameModeViewController.m */,
				A08E2DB719B11F8A009F8F6F /* Tutorial ViewControllers */,
			);
			name = ViewControllers;
			sourceTree = "<group>";
		};
		8B6FB8F6195084BD00EB2C4E /* Main */ = {
			isa = PBXGroup;
			children = (
				8B6FB8CE19507C6B00EB2C4E /* AppDelegate.h */,
				8B6FB8CF19507C6B00EB2C4E /* AppDelegate.m */,
				8B6FB8EE19507CC400EB2C4E /* MainStoryboard.storyboard */,
				A06520701959B7D100399778 /* PadStoryboard.storyboard */,
			);
			name = Main;
			sourceTree = "<group>";
		};
		8B6FB8FD19508BBB00EB2C4E /* Custom Cells */ = {
			isa = PBXGroup;
			children = (
				8B6FB8FA19508B0800EB2C4E /* ChaptersCell.h */,
				8B6FB8FB19508B0800EB2C4E /* ChaptersCell.m */,
				8BB9EC94196345E9007B8C8E /* TutorialCell.h */,
				8BB9EC95196345E9007B8C8E /* TutorialCell.m */,
				8BE1D5F91986AD4D00CAAFCF /* FriendsCell.h */,
				8BE1D5FA1986AD4D00CAAFCF /* FriendsCell.m */,
				A0A091CD19B6696E001A8EDE /* GameCell.h */,
				A0A091CE19B6696E001A8EDE /* GameCell.m */,
			);
			name = "Custom Cells";
			sourceTree = "<group>";
		};
		8B90453B196359FC000F2E51 /* Resources */ = {
			isa = PBXGroup;
			children = (
				8BB8A9BC19A3BDD10076E4A7 /* Sounds */,
				8BB8628E199BA01200718843 /* ButtonsPNGs */,
				8BAD7B5B1992A00B005DB0C2 /* hand.png */,
				A08EAD2219AD1E0E00F36E23 /* heart.png */,
				A08EAD2319AD1E0E00F36E23 /* heart@2x.png */,
				A043669B19A6C58F00D071DC /* Close.png */,
				A043669C19A6C58F00D071DC /* Close@2x.png */,
				A043669619A6AB8D00D071DC /* Touch2.png */,
				8BE1D5FE1986D2FE00CAAFCF /* ChallengeIcon.png */,
				8BE1D5FF1986D2FE00CAAFCF /* FacebookLogo.png */,
				8BE1D6001986D2FE00CAAFCF /* TwitterLogo.gif */,
				8BE1D5FC1986BF4800CAAFCF /* checkmark.png */,
				A0BDEAED19773C31008BFF4D /* BackgroundPad.png */,
				A0BDEAD61976C0EC008BFF4D /* Background.png */,
				8B90453C196359FC000F2E51 /* Tutorial */,
			);
			path = Resources;
			sourceTree = "<group>";
		};
		8B90453C196359FC000F2E51 /* Tutorial */ = {
			isa = PBXGroup;
			children = (
				8B90453D196359FC000F2E51 /* iPhoneR4 */,
			);
			path = Tutorial;
			sourceTree = "<group>";
		};
		8B90453D196359FC000F2E51 /* iPhoneR4 */ = {
			isa = PBXGroup;
			children = (
				8B18CF9019644BBB00F3FB0F /* TutorialPhoneR4_5.png */,
				8B18CF8E19644AD000F3FB0F /* TutorialPhoneR4_4.png */,
				8B90453E196359FC000F2E51 /* TutorialPhoneR4_1.png */,
				8B90454219636244000F2E51 /* TutorialPhoneR4_3.png */,
				8B90454019635EEF000F2E51 /* TutorialPhoneR4_2.png */,
			);
			path = iPhoneR4;
			sourceTree = "<group>";
		};
		8BA17ED91987D4AC00DFB839 /* InApp Purchases */ = {
			isa = PBXGroup;
			children = (
				8BA17EDA1987D4AC00DFB839 /* CPIAPHelper.h */,
				8BA17EDB1987D4AC00DFB839 /* CPIAPHelper.m */,
				8BA17EDC1987D4AC00DFB839 /* IAPHelper.h */,
				8BA17EDD1987D4AC00DFB839 /* IAPHelper.m */,
				8BA17EDE1987D4AC00DFB839 /* IAPProduct.h */,
				8BA17EDF1987D4AC00DFB839 /* IAPProduct.m */,
			);
			path = "InApp Purchases";
			sourceTree = "<group>";
		};
		8BA17EE31987E4AA00DFB839 /* MBProgressHUD2 */ = {
			isa = PBXGroup;
			children = (
				8BA17EE41987E4AA00DFB839 /* MBProgressHUD.h */,
				8BA17EE51987E4AA00DFB839 /* MBProgressHUD.m */,
			);
			path = MBProgressHUD2;
			sourceTree = "<group>";
		};
		8BA60C34195B33870072A7F4 /* FileSaver */ = {
			isa = PBXGroup;
			children = (
				8BA60C35195B33870072A7F4 /* FileSaver.h */,
				8BA60C36195B33870072A7F4 /* FileSaver.m */,
			);
			path = FileSaver;
			sourceTree = "<group>";
		};
		8BB8628E199BA01200718843 /* ButtonsPNGs */ = {
			isa = PBXGroup;
			children = (
				8BB862A3199BC07500718843 /* Flecha.png */,
				8BB862A4199BC07500718843 /* Flecha@2x.png */,
				8BB8629F199BBB2700718843 /* TwoPlayersButton.png */,
				8BB862A0199BBB2700718843 /* TwoPlayersButton@2x.png */,
				8BB86297199BA60900718843 /* ColorsButton.png */,
				8BB86298199BA60900718843 /* ColorsButton@2x.png */,
				8BB86299199BA60900718843 /* NumbersButton.png */,
				8BB8629A199BA60900718843 /* NumbersButton@2x.png */,
				8BB8628F199BA01200718843 /* GamesButton.png */,
				8BB86290199BA01200718843 /* GamesButton@2x.png */,
				8BB86291199BA01200718843 /* OptionsButton.png */,
				8BB86292199BA01200718843 /* OptionsButton@2x.png */,
			);
			path = ButtonsPNGs;
			sourceTree = "<group>";
		};
		8BB8A9BC19A3BDD10076E4A7 /* Sounds */ = {
			isa = PBXGroup;
			children = (
				8B105CFA19A4E12700100FB1 /* back.wav */,
				8B105CFB19A4E12700100FB1 /* buttonpress.wav */,
				8BB8A9CB19A3FA8F0076E4A7 /* restartnuevo.wav */,
				8BB8A9C719A3D99A0076E4A7 /* restart.wav */,
				8BB8A9C519A3C6220076E4A7 /* press.wav */,
				8BB8A9C319A3C2530076E4A7 /* win.wav */,
				8BB8A9BD19A3BDD10076E4A7 /* crossbg.mp3 */,
				8BB8A9BE19A3BDD10076E4A7 /* press.m4a */,
				8BB8A9BF19A3BDD10076E4A7 /* win.m4a */,
			);
			path = Sounds;
			sourceTree = "<group>";
		};
		A08E2DB719B11F8A009F8F6F /* Tutorial ViewControllers */ = {
			isa = PBXGroup;
			children = (
				A08E2DB819B11FB6009F8F6F /* TutorialContainerViewController.h */,
				A08E2DB919B11FB6009F8F6F /* TutorialContainerViewController.m */,
				A08E2DBB19B11FCA009F8F6F /* FirstPageTutViewController.h */,
				A08E2DBC19B11FCA009F8F6F /* FirstPageTutViewController.m */,
				A08E2DBE19B11FD6009F8F6F /* SecondPageTutViewController.h */,
				A08E2DBF19B11FD6009F8F6F /* SecondPageTutViewController.m */,
				A08E2DC119B11FE3009F8F6F /* ThirdPageTutViewController.h */,
				A08E2DC219B11FE3009F8F6F /* ThirdPageTutViewController.m */,
				A0CBE4B019B4BEAE00F1F0B8 /* FourthPageViewController.h */,
				A0CBE4B119B4BEAE00F1F0B8 /* FourthPageViewController.m */,
			);
			name = "Tutorial ViewControllers";
			sourceTree = "<group>";
		};
		A0BDEAD81976C7E3008BFF4D /* Flurry */ = {
			isa = PBXGroup;
			children = (
				A0BDEAD91976C7E3008BFF4D /* Flurry.h */,
				A0BDEADA1976C7E3008BFF4D /* libFlurry_5.2.0.a */,
			);
			path = Flurry;
			sourceTree = "<group>";
		};
		A0BDEAE01977326E008BFF4D /* FlurryAds */ = {
			isa = PBXGroup;
			children = (
				A0BDEAE11977326E008BFF4D /* FlurryAdDelegate.h */,
				A0BDEAE21977326E008BFF4D /* FlurryAds.h */,
				A0BDEAE31977326E008BFF4D /* libFlurryAds_5.2.0.a */,
			);
			path = FlurryAds;
			sourceTree = "<group>";
		};
/* End PBXGroup section */

/* Begin PBXNativeTarget section */
		8B6FB8BB19507C6B00EB2C4E /* NumeroLoco */ = {
			isa = PBXNativeTarget;
			buildConfigurationList = 8B6FB8E819507C6B00EB2C4E /* Build configuration list for PBXNativeTarget "NumeroLoco" */;
			buildPhases = (
				8B6FB8B819507C6B00EB2C4E /* Sources */,
				8B6FB8B919507C6B00EB2C4E /* Frameworks */,
				8B6FB8BA19507C6B00EB2C4E /* Resources */,
			);
			buildRules = (
			);
			dependencies = (
			);
			name = NumeroLoco;
			productName = NumeroLoco;
			productReference = 8B6FB8BC19507C6B00EB2C4E /* NumeroLoco.app */;
			productType = "com.apple.product-type.application";
		};
		8B6FB8D619507C6B00EB2C4E /* NumeroLocoTests */ = {
			isa = PBXNativeTarget;
			buildConfigurationList = 8B6FB8EB19507C6B00EB2C4E /* Build configuration list for PBXNativeTarget "NumeroLocoTests" */;
			buildPhases = (
				8B6FB8D319507C6B00EB2C4E /* Sources */,
				8B6FB8D419507C6B00EB2C4E /* Frameworks */,
				8B6FB8D519507C6B00EB2C4E /* Resources */,
			);
			buildRules = (
			);
			dependencies = (
				8B6FB8DD19507C6B00EB2C4E /* PBXTargetDependency */,
			);
			name = NumeroLocoTests;
			productName = NumeroLocoTests;
			productReference = 8B6FB8D719507C6B00EB2C4E /* NumeroLocoTests.xctest */;
			productType = "com.apple.product-type.bundle.unit-test";
		};
/* End PBXNativeTarget section */

/* Begin PBXProject section */
		8B6FB8B419507C6B00EB2C4E /* Project object */ = {
			isa = PBXProject;
			attributes = {
				LastUpgradeCheck = 0510;
				ORGANIZATIONNAME = "iAm Studio";
				TargetAttributes = {
					8B6FB8BB19507C6B00EB2C4E = {
						DevelopmentTeam = 4U39LJL48R;
					};
					8B6FB8D619507C6B00EB2C4E = {
						TestTargetID = 8B6FB8BB19507C6B00EB2C4E;
					};
				};
			};
			buildConfigurationList = 8B6FB8B719507C6B00EB2C4E /* Build configuration list for PBXProject "NumeroLoco" */;
			compatibilityVersion = "Xcode 3.2";
			developmentRegion = English;
			hasScannedForEncodings = 0;
			knownRegions = (
				en,
			);
			mainGroup = 8B6FB8B319507C6B00EB2C4E;
			productRefGroup = 8B6FB8BD19507C6B00EB2C4E /* Products */;
			projectDirPath = "";
			projectRoot = "";
			targets = (
				8B6FB8BB19507C6B00EB2C4E /* NumeroLoco */,
				8B6FB8D619507C6B00EB2C4E /* NumeroLocoTests */,
			);
		};
/* End PBXProject section */

/* Begin PBXResourcesBuildPhase section */
		8B6FB8BA19507C6B00EB2C4E /* Resources */ = {
			isa = PBXResourcesBuildPhase;
			buildActionMask = 2147483647;
			files = (
				8BB862A5199BC07500718843 /* Flecha.png in Resources */,
				8BD2CED31951E6B4002EF327 /* GamesDatabase2.plist in Resources */,
				8BB8629B199BA60900718843 /* ColorsButton.png in Resources */,
				8BB8A9C419A3C2530076E4A7 /* win.wav in Resources */,
				8BB8A9C819A3D99A0076E4A7 /* restart.wav in Resources */,
				A08EAD1E19AB83F400F36E23 /* FastGamesDatabase.plist in Resources */,
				8BB86293199BA01200718843 /* GamesButton.png in Resources */,
				8BB8629C199BA60900718843 /* ColorsButton@2x.png in Resources */,
				A0BCCCBA195476D1001CD7F1 /* ColorsChaptersNames.plist in Resources */,
				A0BDEAEE19773C31008BFF4D /* BackgroundPad.png in Resources */,
				8BB862A2199BBB2700718843 /* TwoPlayersButton@2x.png in Resources */,
				8B6FB8EF19507CC400EB2C4E /* MainStoryboard.storyboard in Resources */,
				8B105CFC19A4E12700100FB1 /* back.wav in Resources */,
				8BB862A1199BBB2700718843 /* TwoPlayersButton.png in Resources */,
				A0BDEAD71976C0EC008BFF4D /* Background.png in Resources */,
				8B18CF8F19644AD000F3FB0F /* TutorialPhoneR4_4.png in Resources */,
				8BB8A9C119A3BDD10076E4A7 /* press.m4a in Resources */,
				8BE1D6011986D2FE00CAAFCF /* ChallengeIcon.png in Resources */,
				8BB86296199BA01200718843 /* OptionsButton@2x.png in Resources */,
				A043669D19A6C58F00D071DC /* Close.png in Resources */,
				8BB8629E199BA60900718843 /* NumbersButton@2x.png in Resources */,
				A08EAD2419AD1E0E00F36E23 /* heart.png in Resources */,
				8BE1D6031986D2FE00CAAFCF /* TwitterLogo.gif in Resources */,
				8BB862A6199BC07500718843 /* Flecha@2x.png in Resources */,
				8B96EAD919795E1C00E60698 /* WordsGamesDatabase2.plist in Resources */,
				8BE1D6021986D2FE00CAAFCF /* FacebookLogo.png in Resources */,
				8BE1D6051986F8D200CAAFCF /* ColorGamesDatabase2.plist in Resources */,
				8BB8A9C219A3BDD10076E4A7 /* win.m4a in Resources */,
				8BAD7B5C1992A00B005DB0C2 /* hand.png in Resources */,
				8B90454119635EEF000F2E51 /* TutorialPhoneR4_2.png in Resources */,
				8B6FB8CA19507C6B00EB2C4E /* InfoPlist.strings in Resources */,
				8B105CFD19A4E12700100FB1 /* buttonpress.wav in Resources */,
				A043669E19A6C58F00D071DC /* Close@2x.png in Resources */,
				8B18CF9119644BBB00F3FB0F /* TutorialPhoneR4_5.png in Resources */,
				A06520711959B7D100399778 /* PadStoryboard.storyboard in Resources */,
				8BB8629D199BA60900718843 /* NumbersButton.png in Resources */,
				8B90453F196359FC000F2E51 /* TutorialPhoneR4_1.png in Resources */,
				A043669719A6AB8D00D071DC /* Touch2.png in Resources */,
				8BE1D5FD1986BF4800CAAFCF /* checkmark.png in Resources */,
				8BB8A9C019A3BDD10076E4A7 /* crossbg.mp3 in Resources */,
				8BB8A9C619A3C6220076E4A7 /* press.wav in Resources */,
				8B90454319636244000F2E51 /* TutorialPhoneR4_3.png in Resources */,
				8BB86295199BA01200718843 /* OptionsButton.png in Resources */,
				8B6FB8D219507C6B00EB2C4E /* Images.xcassets in Resources */,
				8B6FB8FF19508CA200EB2C4E /* ChapterNames.plist in Resources */,
				A08EAD2519AD1E0E00F36E23 /* heart@2x.png in Resources */,
				8BB8A9CC19A3FA8F0076E4A7 /* restartnuevo.wav in Resources */,
				8BB86294199BA01200718843 /* GamesButton@2x.png in Resources */,
			);
			runOnlyForDeploymentPostprocessing = 0;
		};
		8B6FB8D519507C6B00EB2C4E /* Resources */ = {
			isa = PBXResourcesBuildPhase;
			buildActionMask = 2147483647;
			files = (
				8B6FB8E319507C6B00EB2C4E /* InfoPlist.strings in Resources */,
			);
			runOnlyForDeploymentPostprocessing = 0;
		};
/* End PBXResourcesBuildPhase section */

/* Begin PBXSourcesBuildPhase section */
		8B6FB8B819507C6B00EB2C4E /* Sources */ = {
			isa = PBXSourcesBuildPhase;
			buildActionMask = 2147483647;
			files = (
				8B96EADC1979666300E60698 /* WordsChaptersViewController.m in Sources */,
				8B6FB8FC19508B0800EB2C4E /* ChaptersCell.m in Sources */,
				8BB9EC96196345E9007B8C8E /* TutorialCell.m in Sources */,
				A0C35D2919A794A6007898F2 /* TouchesObject.m in Sources */,
				A043BD0519A64A9B00E5B047 /* NoTouchesAlertView.m in Sources */,
				A08EAD2819AD274C00F36E23 /* BuyLivesView.m in Sources */,
				8BA94021195DC10C0032706E /* ColorPatternView.m in Sources */,
				A0A091CF19B6696E001A8EDE /* GameCell.m in Sources */,
				8B9857FC19537C080083FD45 /* AppInfo.m in Sources */,
				A08E2DC019B11FD6009F8F6F /* SecondPageTutViewController.m in Sources */,
				A08E2DC319B11FE3009F8F6F /* ThirdPageTutViewController.m in Sources */,
				A08E2DBD19B11FCA009F8F6F /* FirstPageTutViewController.m in Sources */,
				8B316B14199181670062FD77 /* Model.xcdatamodeld in Sources */,
				8B6FB8F9195084CE00EB2C4E /* ChaptersViewController.m in Sources */,
				8B5F497B19A4F19900C0C7E2 /* AudioPlayer.m in Sources */,
				8BB45D7519892CDC00C68B5A /* MultiplayerGameViewController.m in Sources */,
				8BA17EE11987D4AC00DFB839 /* IAPHelper.m in Sources */,
				8BA17EE61987E4AA00DFB839 /* MBProgressHUD.m in Sources */,
				A0CBE4B219B4BEAE00F1F0B8 /* FourthPageViewController.m in Sources */,
				8B1ED91619799482001FDB2C /* GameKitHelper.m in Sources */,
				8BA60C37195B33870072A7F4 /* FileSaver.m in Sources */,
				8BA17EE01987D4AC00DFB839 /* CPIAPHelper.m in Sources */,
				8B61F8FB195C87CC0036BB90 /* GameWonAlert.m in Sources */,
				A08E2DC619B13251009F8F6F /* TutorialAlertView.m in Sources */,
				A0BCCCB8195474F6001CD7F1 /* ColorsChaptersViewController.m in Sources */,
				A0A091CC19B66651001A8EDE /* FastGamesView.m in Sources */,
				8B316B1D1991824B0062FD77 /* Score+AddOns.m in Sources */,
				8B2CEBC1199D56DF00353E43 /* MultiplayerAlertView.m in Sources */,
				8BE1D5F81986A5A300CAAFCF /* ChallengeFriendsViewController.m in Sources */,
				8BE1D5FB1986AD4D00CAAFCF /* FriendsCell.m in Sources */,
				8BCD5C9B199A50C20018BB65 /* AllGamesFinishedView.m in Sources */,
				8B316B10199151510062FD77 /* MultiplayerWinAlert.m in Sources */,
				8B6FB9071950A18600EB2C4E /* GameViewController.m in Sources */,
				A0BCCCBF19549049001CD7F1 /* ColorsGameViewController.m in Sources */,
				8B6FB8D019507C6B00EB2C4E /* AppDelegate.m in Sources */,
				8B96EADF197969A200E60698 /* WordsGameViewController.m in Sources */,
				8BAD7B5A19926746005DB0C2 /* Score.m in Sources */,
				8BB9EC9319632542007B8C8E /* TutorialViewController.m in Sources */,
				8B6FB8CC19507C6B00EB2C4E /* main.m in Sources */,
				A08E2DBA19B11FB6009F8F6F /* TutorialContainerViewController.m in Sources */,
				8B6FB8F419507D7600EB2C4E /* RootViewController.m in Sources */,
				A043669A19A6ABEF00D071DC /* BuyTouchesView.m in Sources */,
				8BA17EE21987D4AC00DFB839 /* IAPProduct.m in Sources */,
				A0FC85C3196B20AB005A0A7D /* LoginViewController.m in Sources */,
				A08EAD2119AB96CC00F36E23 /* FastGameWinAlert.m in Sources */,
				A08EAD1C19AB80AC00F36E23 /* FastGameModeViewController.m in Sources */,
			);
			runOnlyForDeploymentPostprocessing = 0;
		};
		8B6FB8D319507C6B00EB2C4E /* Sources */ = {
			isa = PBXSourcesBuildPhase;
			buildActionMask = 2147483647;
			files = (
				8B6FB8E519507C6B00EB2C4E /* NumeroLocoTests.m in Sources */,
			);
			runOnlyForDeploymentPostprocessing = 0;
		};
/* End PBXSourcesBuildPhase section */

/* Begin PBXTargetDependency section */
		8B6FB8DD19507C6B00EB2C4E /* PBXTargetDependency */ = {
			isa = PBXTargetDependency;
			target = 8B6FB8BB19507C6B00EB2C4E /* NumeroLoco */;
			targetProxy = 8B6FB8DC19507C6B00EB2C4E /* PBXContainerItemProxy */;
		};
/* End PBXTargetDependency section */

/* Begin PBXVariantGroup section */
		8B6FB8C819507C6B00EB2C4E /* InfoPlist.strings */ = {
			isa = PBXVariantGroup;
			children = (
				8B6FB8C919507C6B00EB2C4E /* en */,
			);
			name = InfoPlist.strings;
			sourceTree = "<group>";
		};
		8B6FB8E119507C6B00EB2C4E /* InfoPlist.strings */ = {
			isa = PBXVariantGroup;
			children = (
				8B6FB8E219507C6B00EB2C4E /* en */,
			);
			name = InfoPlist.strings;
			sourceTree = "<group>";
		};
/* End PBXVariantGroup section */

/* Begin XCBuildConfiguration section */
		8B6FB8E619507C6B00EB2C4E /* Debug */ = {
			isa = XCBuildConfiguration;
			buildSettings = {
				ALWAYS_SEARCH_USER_PATHS = NO;
				CLANG_CXX_LANGUAGE_STANDARD = "gnu++0x";
				CLANG_CXX_LIBRARY = "libc++";
				CLANG_ENABLE_MODULES = YES;
				CLANG_ENABLE_OBJC_ARC = YES;
				CLANG_WARN_BOOL_CONVERSION = YES;
				CLANG_WARN_CONSTANT_CONVERSION = YES;
				CLANG_WARN_DIRECT_OBJC_ISA_USAGE = YES_ERROR;
				CLANG_WARN_EMPTY_BODY = YES;
				CLANG_WARN_ENUM_CONVERSION = YES;
				CLANG_WARN_INT_CONVERSION = YES;
				CLANG_WARN_OBJC_ROOT_CLASS = YES_ERROR;
				CLANG_WARN__DUPLICATE_METHOD_MATCH = YES;
				"CODE_SIGN_IDENTITY[sdk=iphoneos*]" = "iPhone Developer";
				COPY_PHASE_STRIP = NO;
				GCC_C_LANGUAGE_STANDARD = gnu99;
				GCC_DYNAMIC_NO_PIC = NO;
				GCC_OPTIMIZATION_LEVEL = 0;
				GCC_PREPROCESSOR_DEFINITIONS = (
					"DEBUG=1",
					"$(inherited)",
				);
				GCC_SYMBOLS_PRIVATE_EXTERN = NO;
				GCC_WARN_64_TO_32_BIT_CONVERSION = YES;
				GCC_WARN_ABOUT_RETURN_TYPE = YES_ERROR;
				GCC_WARN_UNDECLARED_SELECTOR = YES;
				GCC_WARN_UNINITIALIZED_AUTOS = YES_AGGRESSIVE;
				GCC_WARN_UNUSED_FUNCTION = YES;
				GCC_WARN_UNUSED_VARIABLE = YES;
				IPHONEOS_DEPLOYMENT_TARGET = 7.1;
				ONLY_ACTIVE_ARCH = YES;
				SDKROOT = iphoneos;
			};
			name = Debug;
		};
		8B6FB8E719507C6B00EB2C4E /* Release */ = {
			isa = XCBuildConfiguration;
			buildSettings = {
				ALWAYS_SEARCH_USER_PATHS = NO;
				CLANG_CXX_LANGUAGE_STANDARD = "gnu++0x";
				CLANG_CXX_LIBRARY = "libc++";
				CLANG_ENABLE_MODULES = YES;
				CLANG_ENABLE_OBJC_ARC = YES;
				CLANG_WARN_BOOL_CONVERSION = YES;
				CLANG_WARN_CONSTANT_CONVERSION = YES;
				CLANG_WARN_DIRECT_OBJC_ISA_USAGE = YES_ERROR;
				CLANG_WARN_EMPTY_BODY = YES;
				CLANG_WARN_ENUM_CONVERSION = YES;
				CLANG_WARN_INT_CONVERSION = YES;
				CLANG_WARN_OBJC_ROOT_CLASS = YES_ERROR;
				CLANG_WARN__DUPLICATE_METHOD_MATCH = YES;
				"CODE_SIGN_IDENTITY[sdk=iphoneos*]" = "iPhone Developer";
				COPY_PHASE_STRIP = YES;
				ENABLE_NS_ASSERTIONS = NO;
				GCC_C_LANGUAGE_STANDARD = gnu99;
				GCC_WARN_64_TO_32_BIT_CONVERSION = YES;
				GCC_WARN_ABOUT_RETURN_TYPE = YES_ERROR;
				GCC_WARN_UNDECLARED_SELECTOR = YES;
				GCC_WARN_UNINITIALIZED_AUTOS = YES_AGGRESSIVE;
				GCC_WARN_UNUSED_FUNCTION = YES;
				GCC_WARN_UNUSED_VARIABLE = YES;
				IPHONEOS_DEPLOYMENT_TARGET = 7.1;
				SDKROOT = iphoneos;
				VALIDATE_PRODUCT = YES;
			};
			name = Release;
		};
		8B6FB8E919507C6B00EB2C4E /* Debug */ = {
			isa = XCBuildConfiguration;
			buildSettings = {
				ASSETCATALOG_COMPILER_APPICON_NAME = AppIcon;
				ASSETCATALOG_COMPILER_LAUNCHIMAGE_NAME = LaunchImage;
				CODE_SIGN_IDENTITY = "iPhone Developer: Diego Fernando Vidal Illera (9JA65WT89C)";
				FRAMEWORK_SEARCH_PATHS = (
					"$(inherited)",
					/Users/diegovidal/Documents/FacebookSDK,
					/Users/developer/Documents/FacebookSDK,
					"$(PROJECT_DIR)",
				);
				GCC_PRECOMPILE_PREFIX_HEADER = YES;
				GCC_PREFIX_HEADER = "NumeroLoco/NumeroLoco-Prefix.pch";
				INFOPLIST_FILE = "NumeroLoco/NumeroLoco-Info.plist";
				IPHONEOS_DEPLOYMENT_TARGET = 7.0;
				LIBRARY_SEARCH_PATHS = (
					"$(inherited)",
					"$(PROJECT_DIR)/NumeroLoco/Flurry",
					"$(PROJECT_DIR)/NumeroLoco/FlurryAds",
				);
				PRODUCT_NAME = "$(TARGET_NAME)";
				PROVISIONING_PROFILE = "5c4209ba-19c2-4466-8b61-4a57bb6bd61c";
				TARGETED_DEVICE_FAMILY = "1,2";
				WRAPPER_EXTENSION = app;
			};
			name = Debug;
		};
		8B6FB8EA19507C6B00EB2C4E /* Release */ = {
			isa = XCBuildConfiguration;
			buildSettings = {
				ASSETCATALOG_COMPILER_APPICON_NAME = AppIcon;
				ASSETCATALOG_COMPILER_LAUNCHIMAGE_NAME = LaunchImage;
				CODE_SIGN_IDENTITY = "iPhone Developer";
				FRAMEWORK_SEARCH_PATHS = (
					"$(inherited)",
					/Users/diegovidal/Documents/FacebookSDK,
					/Users/developer/Documents/FacebookSDK,
					"$(PROJECT_DIR)",
				);
				GCC_PRECOMPILE_PREFIX_HEADER = YES;
				GCC_PREFIX_HEADER = "NumeroLoco/NumeroLoco-Prefix.pch";
				INFOPLIST_FILE = "NumeroLoco/NumeroLoco-Info.plist";
				IPHONEOS_DEPLOYMENT_TARGET = 7.0;
				LIBRARY_SEARCH_PATHS = (
					"$(inherited)",
					"$(PROJECT_DIR)/NumeroLoco/Flurry",
					"$(PROJECT_DIR)/NumeroLoco/FlurryAds",
				);
				PRODUCT_NAME = "$(TARGET_NAME)";
				PROVISIONING_PROFILE = "";
				TARGETED_DEVICE_FAMILY = "1,2";
				WRAPPER_EXTENSION = app;
			};
			name = Release;
		};
		8B6FB8EC19507C6B00EB2C4E /* Debug */ = {
			isa = XCBuildConfiguration;
			buildSettings = {
				BUNDLE_LOADER = "$(BUILT_PRODUCTS_DIR)/NumeroLoco.app/NumeroLoco";
				FRAMEWORK_SEARCH_PATHS = (
					"$(SDKROOT)/Developer/Library/Frameworks",
					"$(inherited)",
					"$(DEVELOPER_FRAMEWORKS_DIR)",
				);
				GCC_PRECOMPILE_PREFIX_HEADER = YES;
				GCC_PREFIX_HEADER = "NumeroLoco/NumeroLoco-Prefix.pch";
				GCC_PREPROCESSOR_DEFINITIONS = (
					"DEBUG=1",
					"$(inherited)",
				);
				INFOPLIST_FILE = "NumeroLocoTests/NumeroLocoTests-Info.plist";
				PRODUCT_NAME = "$(TARGET_NAME)";
				TEST_HOST = "$(BUNDLE_LOADER)";
				WRAPPER_EXTENSION = xctest;
			};
			name = Debug;
		};
		8B6FB8ED19507C6B00EB2C4E /* Release */ = {
			isa = XCBuildConfiguration;
			buildSettings = {
				BUNDLE_LOADER = "$(BUILT_PRODUCTS_DIR)/NumeroLoco.app/NumeroLoco";
				FRAMEWORK_SEARCH_PATHS = (
					"$(SDKROOT)/Developer/Library/Frameworks",
					"$(inherited)",
					"$(DEVELOPER_FRAMEWORKS_DIR)",
				);
				GCC_PRECOMPILE_PREFIX_HEADER = YES;
				GCC_PREFIX_HEADER = "NumeroLoco/NumeroLoco-Prefix.pch";
				INFOPLIST_FILE = "NumeroLocoTests/NumeroLocoTests-Info.plist";
				PRODUCT_NAME = "$(TARGET_NAME)";
				TEST_HOST = "$(BUNDLE_LOADER)";
				WRAPPER_EXTENSION = xctest;
			};
			name = Release;
		};
/* End XCBuildConfiguration section */

/* Begin XCConfigurationList section */
		8B6FB8B719507C6B00EB2C4E /* Build configuration list for PBXProject "NumeroLoco" */ = {
			isa = XCConfigurationList;
			buildConfigurations = (
				8B6FB8E619507C6B00EB2C4E /* Debug */,
				8B6FB8E719507C6B00EB2C4E /* Release */,
			);
			defaultConfigurationIsVisible = 0;
			defaultConfigurationName = Release;
		};
		8B6FB8E819507C6B00EB2C4E /* Build configuration list for PBXNativeTarget "NumeroLoco" */ = {
			isa = XCConfigurationList;
			buildConfigurations = (
				8B6FB8E919507C6B00EB2C4E /* Debug */,
				8B6FB8EA19507C6B00EB2C4E /* Release */,
			);
			defaultConfigurationIsVisible = 0;
			defaultConfigurationName = Release;
		};
		8B6FB8EB19507C6B00EB2C4E /* Build configuration list for PBXNativeTarget "NumeroLocoTests" */ = {
			isa = XCConfigurationList;
			buildConfigurations = (
				8B6FB8EC19507C6B00EB2C4E /* Debug */,
				8B6FB8ED19507C6B00EB2C4E /* Release */,
			);
			defaultConfigurationIsVisible = 0;
			defaultConfigurationName = Release;
		};
/* End XCConfigurationList section */

/* Begin XCVersionGroup section */
		8B316B12199181670062FD77 /* Model.xcdatamodeld */ = {
			isa = XCVersionGroup;
			children = (
				8B316B13199181670062FD77 /* Model.xcdatamodel */,
			);
			currentVersion = 8B316B13199181670062FD77 /* Model.xcdatamodel */;
			path = Model.xcdatamodeld;
			sourceTree = "<group>";
			versionGroupType = wrapper.xcdatamodel;
		};
/* End XCVersionGroup section */
	};
	rootObject = 8B6FB8B419507C6B00EB2C4E /* Project object */;
}
